// !$*UTF8*$!
{
	archiveVersion = 1;
	classes = {
	};
	objectVersion = 46;
	objects = {

/* Begin PBXBuildFile section */
		CE0325F5166C20AF00BAB4C6 /* MBProgressHUD.m in Sources */ = {isa = PBXBuildFile; fileRef = CE0325F4166C20AF00BAB4C6 /* MBProgressHUD.m */; };
		CE071EC01659ABF1007290B1 /* icon_user.png in Resources */ = {isa = PBXBuildFile; fileRef = CE071EBF1659ABF1007290B1 /* icon_user.png */; };
		CE071EC31659C58B007290B1 /* ProfilePopoverViewController.m in Sources */ = {isa = PBXBuildFile; fileRef = CE071EC21659C58B007290B1 /* ProfilePopoverViewController.m */; };
		CE0AE4821646049C00EC15B4 /* Security.framework in Frameworks */ = {isa = PBXBuildFile; fileRef = CE0AE4811646049C00EC15B4 /* Security.framework */; };
		CE0AE4861646051A00EC15B4 /* KeychainItemWrapper.m in Sources */ = {isa = PBXBuildFile; fileRef = CE0AE4851646051A00EC15B4 /* KeychainItemWrapper.m */; };
		CE0D631916611B1600381D05 /* CoreData.framework in Frameworks */ = {isa = PBXBuildFile; fileRef = CE0D631816611B1600381D05 /* CoreData.framework */; };
		CE0D631D16611E7500381D05 /* EcoMeterModel.xcdatamodeld in Sources */ = {isa = PBXBuildFile; fileRef = CE0D631B16611E7500381D05 /* EcoMeterModel.xcdatamodeld */; };
		CE11FA85168AC53600425EB8 /* circleDetailsDataBackg.png in Resources */ = {isa = PBXBuildFile; fileRef = CE11FA84168AC53600425EB8 /* circleDetailsDataBackg.png */; };
		CE12C0271687D4C8001C4959 /* LastMonthsViewController.m in Sources */ = {isa = PBXBuildFile; fileRef = CE12C0261687D4C8001C4959 /* LastMonthsViewController.m */; };
		CE12C02B1687D8EA001C4959 /* CircleView.m in Sources */ = {isa = PBXBuildFile; fileRef = CE12C02A1687D8EA001C4959 /* CircleView.m */; };
		CE1458B4167C06F400F7D82F /* MCachedModalStoryboardSegue.m in Sources */ = {isa = PBXBuildFile; fileRef = CE1458B2167C06F400F7D82F /* MCachedModalStoryboardSegue.m */; };
		CE1793D11683E8E60030723A /* MyOfficeTableViewController.m in Sources */ = {isa = PBXBuildFile; fileRef = CE1793D01683E8E60030723A /* MyOfficeTableViewController.m */; };
		CE1793D51683F3970030723A /* DataOverviewTableViewController.m in Sources */ = {isa = PBXBuildFile; fileRef = CE1793D41683F3970030723A /* DataOverviewTableViewController.m */; };
		CE32C3681665890900C3ED81 /* speedometerArrow.png in Resources */ = {isa = PBXBuildFile; fileRef = CE32C3661665890900C3ED81 /* speedometerArrow.png */; };
		CE32C37016658A6000C3ED81 /* CurrentDataViewController.m in Sources */ = {isa = PBXBuildFile; fileRef = CE32C36F16658A6000C3ED81 /* CurrentDataViewController.m */; };
		CE32C37216659B4200C3ED81 /* speedometerBody.png in Resources */ = {isa = PBXBuildFile; fileRef = CE32C37116659B4200C3ED81 /* speedometerBody.png */; };
		CE32C37416659B4C00C3ED81 /* speedometerCenterWheel.png in Resources */ = {isa = PBXBuildFile; fileRef = CE32C37316659B4C00C3ED81 /* speedometerCenterWheel.png */; };
		CE32C3911665AB8E00C3ED81 /* AFHTTPClient.m in Sources */ = {isa = PBXBuildFile; fileRef = CE32C37F1665AB8E00C3ED81 /* AFHTTPClient.m */; };
		CE32C3921665AB8E00C3ED81 /* AFHTTPRequestOperation.m in Sources */ = {isa = PBXBuildFile; fileRef = CE32C3811665AB8E00C3ED81 /* AFHTTPRequestOperation.m */; };
		CE32C3931665AB8E00C3ED81 /* AFImageRequestOperation.m in Sources */ = {isa = PBXBuildFile; fileRef = CE32C3831665AB8E00C3ED81 /* AFImageRequestOperation.m */; };
		CE32C3941665AB8E00C3ED81 /* AFJSONRequestOperation.m in Sources */ = {isa = PBXBuildFile; fileRef = CE32C3851665AB8E00C3ED81 /* AFJSONRequestOperation.m */; };
		CE32C3951665AB8E00C3ED81 /* AFNetworkActivityIndicatorManager.m in Sources */ = {isa = PBXBuildFile; fileRef = CE32C3871665AB8E00C3ED81 /* AFNetworkActivityIndicatorManager.m */; };
		CE32C3961665AB8E00C3ED81 /* AFPropertyListRequestOperation.m in Sources */ = {isa = PBXBuildFile; fileRef = CE32C38A1665AB8E00C3ED81 /* AFPropertyListRequestOperation.m */; };
		CE32C3971665AB8E00C3ED81 /* AFURLConnectionOperation.m in Sources */ = {isa = PBXBuildFile; fileRef = CE32C38C1665AB8E00C3ED81 /* AFURLConnectionOperation.m */; };
		CE32C3981665AB8E00C3ED81 /* AFXMLRequestOperation.m in Sources */ = {isa = PBXBuildFile; fileRef = CE32C38E1665AB8E00C3ED81 /* AFXMLRequestOperation.m */; };
		CE32C3991665AB8E00C3ED81 /* UIImageView+AFNetworking.m in Sources */ = {isa = PBXBuildFile; fileRef = CE32C3901665AB8E00C3ED81 /* UIImageView+AFNetworking.m */; };
		CE32C39D1665B7AD00C3ED81 /* AFAppDotNetAPIClient.m in Sources */ = {isa = PBXBuildFile; fileRef = CE32C39C1665B7AD00C3ED81 /* AFAppDotNetAPIClient.m */; };
		CE348C1A1647668100B14B55 /* RegisterTableViewController.m in Sources */ = {isa = PBXBuildFile; fileRef = CE348C191647668000B14B55 /* RegisterTableViewController.m */; };
		CE3F51CD1659D4BD008EE7DF /* defaultAvatar.png in Resources */ = {isa = PBXBuildFile; fileRef = CE3F51CC1659D4BD008EE7DF /* defaultAvatar.png */; };
		CE54E7B7168230B300F91C5E /* WeekData.m in Sources */ = {isa = PBXBuildFile; fileRef = CE54E7B6168230B300F91C5E /* WeekData.m */; };
		CE54E7BF168292B600F91C5E /* SystemConfiguration.framework in Frameworks */ = {isa = PBXBuildFile; fileRef = CE54E7BE168292B500F91C5E /* SystemConfiguration.framework */; };
		CE54E7C21682943400F91C5E /* Reachability.m in Sources */ = {isa = PBXBuildFile; fileRef = CE54E7C11682943400F91C5E /* Reachability.m */; };
		CE8B7F5515ED358B006CD57C /* UIKit.framework in Frameworks */ = {isa = PBXBuildFile; fileRef = CE8B7F5415ED358B006CD57C /* UIKit.framework */; };
		CE8B7F5715ED358B006CD57C /* Foundation.framework in Frameworks */ = {isa = PBXBuildFile; fileRef = CE8B7F5615ED358B006CD57C /* Foundation.framework */; };
		CE8B7F5915ED358B006CD57C /* CoreGraphics.framework in Frameworks */ = {isa = PBXBuildFile; fileRef = CE8B7F5815ED358B006CD57C /* CoreGraphics.framework */; };
		CE8B7F5F15ED358B006CD57C /* InfoPlist.strings in Resources */ = {isa = PBXBuildFile; fileRef = CE8B7F5D15ED358B006CD57C /* InfoPlist.strings */; };
		CE8B7F7C15ED35D1006CD57C /* MDAppDelegate.m in Sources */ = {isa = PBXBuildFile; fileRef = CE8B7F7515ED35D1006CD57C /* MDAppDelegate.m */; };
		CE8B7F7D15ED35D1006CD57C /* MDDetailViewController.m in Sources */ = {isa = PBXBuildFile; fileRef = CE8B7F7715ED35D1006CD57C /* MDDetailViewController.m */; };
		CE8B7F7E15ED35D1006CD57C /* MDMasterViewController.m in Sources */ = {isa = PBXBuildFile; fileRef = CE8B7F7915ED35D1006CD57C /* MDMasterViewController.m */; };
		CE8B7F7F15ED35D1006CD57C /* MDMultipleMasterDetailManager.m in Sources */ = {isa = PBXBuildFile; fileRef = CE8B7F7B15ED35D1006CD57C /* MDMultipleMasterDetailManager.m */; };
		CE8B7F8315ED3630006CD57C /* main.m in Sources */ = {isa = PBXBuildFile; fileRef = CE8B7F8215ED3630006CD57C /* main.m */; };
		CE8DCEB916815ABB0030FA4C /* LastWeekViewController.m in Sources */ = {isa = PBXBuildFile; fileRef = CE8DCEB816815ABB0030FA4C /* LastWeekViewController.m */; };
		CEA0BE9C163CD2D700ED0599 /* LoginScreenTableViewController.m in Sources */ = {isa = PBXBuildFile; fileRef = CEA0BE9A163CD2D700ED0599 /* LoginScreenTableViewController.m */; };
		CEA0BEA1163CD99B00ED0599 /* FirstTableViewController.m in Sources */ = {isa = PBXBuildFile; fileRef = CEA0BEA0163CD99B00ED0599 /* FirstTableViewController.m */; };
		CEA0CE431661A6F60086151D /* MagicalImportFunctions.m in Sources */ = {isa = PBXBuildFile; fileRef = CEA0CE0B1661A6F60086151D /* MagicalImportFunctions.m */; };
		CEA0CE441661A6F60086151D /* NSAttributeDescription+MagicalDataImport.m in Sources */ = {isa = PBXBuildFile; fileRef = CEA0CE0D1661A6F60086151D /* NSAttributeDescription+MagicalDataImport.m */; };
		CEA0CE451661A6F60086151D /* NSEntityDescription+MagicalDataImport.m in Sources */ = {isa = PBXBuildFile; fileRef = CEA0CE0F1661A6F60086151D /* NSEntityDescription+MagicalDataImport.m */; };
		CEA0CE461661A6F60086151D /* NSNumber+MagicalDataImport.m in Sources */ = {isa = PBXBuildFile; fileRef = CEA0CE111661A6F60086151D /* NSNumber+MagicalDataImport.m */; };
		CEA0CE471661A6F60086151D /* NSObject+MagicalDataImport.m in Sources */ = {isa = PBXBuildFile; fileRef = CEA0CE131661A6F60086151D /* NSObject+MagicalDataImport.m */; };
		CEA0CE481661A6F60086151D /* NSRelationshipDescription+MagicalDataImport.m in Sources */ = {isa = PBXBuildFile; fileRef = CEA0CE151661A6F60086151D /* NSRelationshipDescription+MagicalDataImport.m */; };
		CEA0CE491661A6F60086151D /* NSString+MagicalDataImport.m in Sources */ = {isa = PBXBuildFile; fileRef = CEA0CE171661A6F60086151D /* NSString+MagicalDataImport.m */; };
		CEA0CE4A1661A6F60086151D /* NSManagedObject+MagicalAggregation.m in Sources */ = {isa = PBXBuildFile; fileRef = CEA0CE1A1661A6F60086151D /* NSManagedObject+MagicalAggregation.m */; };
		CEA0CE4B1661A6F60086151D /* NSManagedObject+MagicalDataImport.m in Sources */ = {isa = PBXBuildFile; fileRef = CEA0CE1C1661A6F60086151D /* NSManagedObject+MagicalDataImport.m */; };
		CEA0CE4C1661A6F60086151D /* NSManagedObject+MagicalFinders.m in Sources */ = {isa = PBXBuildFile; fileRef = CEA0CE1E1661A6F60086151D /* NSManagedObject+MagicalFinders.m */; };
		CEA0CE4D1661A6F60086151D /* NSManagedObject+MagicalRecord.m in Sources */ = {isa = PBXBuildFile; fileRef = CEA0CE201661A6F60086151D /* NSManagedObject+MagicalRecord.m */; };
		CEA0CE4E1661A6F60086151D /* NSManagedObject+MagicalRequests.m in Sources */ = {isa = PBXBuildFile; fileRef = CEA0CE221661A6F60086151D /* NSManagedObject+MagicalRequests.m */; };
		CEA0CE4F1661A6F60086151D /* NSManagedObjectContext+MagicalObserving.m in Sources */ = {isa = PBXBuildFile; fileRef = CEA0CE251661A6F60086151D /* NSManagedObjectContext+MagicalObserving.m */; };
		CEA0CE501661A6F60086151D /* NSManagedObjectContext+MagicalRecord.m in Sources */ = {isa = PBXBuildFile; fileRef = CEA0CE271661A6F60086151D /* NSManagedObjectContext+MagicalRecord.m */; };
		CEA0CE511661A6F60086151D /* NSManagedObjectContext+MagicalSaves.m in Sources */ = {isa = PBXBuildFile; fileRef = CEA0CE291661A6F60086151D /* NSManagedObjectContext+MagicalSaves.m */; };
		CEA0CE521661A6F60086151D /* NSManagedObjectContext+MagicalThreading.m in Sources */ = {isa = PBXBuildFile; fileRef = CEA0CE2B1661A6F60086151D /* NSManagedObjectContext+MagicalThreading.m */; };
		CEA0CE531661A6F60086151D /* NSManagedObjectModel+MagicalRecord.m in Sources */ = {isa = PBXBuildFile; fileRef = CEA0CE2D1661A6F60086151D /* NSManagedObjectModel+MagicalRecord.m */; };
		CEA0CE541661A6F60086151D /* NSPersistentStore+MagicalRecord.m in Sources */ = {isa = PBXBuildFile; fileRef = CEA0CE2F1661A6F60086151D /* NSPersistentStore+MagicalRecord.m */; };
		CEA0CE551661A6F60086151D /* NSPersistentStoreCoordinator+MagicalRecord.m in Sources */ = {isa = PBXBuildFile; fileRef = CEA0CE311661A6F60086151D /* NSPersistentStoreCoordinator+MagicalRecord.m */; };
		CEA0CE561661A6F60086151D /* MagicalRecord+Actions.m in Sources */ = {isa = PBXBuildFile; fileRef = CEA0CE341661A6F60086151D /* MagicalRecord+Actions.m */; };
		CEA0CE571661A6F60086151D /* MagicalRecord+ErrorHandling.m in Sources */ = {isa = PBXBuildFile; fileRef = CEA0CE361661A6F60086151D /* MagicalRecord+ErrorHandling.m */; };
		CEA0CE581661A6F60086151D /* MagicalRecord+iCloud.m in Sources */ = {isa = PBXBuildFile; fileRef = CEA0CE381661A6F60086151D /* MagicalRecord+iCloud.m */; };
		CEA0CE591661A6F60086151D /* MagicalRecord+Options.m in Sources */ = {isa = PBXBuildFile; fileRef = CEA0CE3A1661A6F60086151D /* MagicalRecord+Options.m */; };
		CEA0CE5A1661A6F60086151D /* MagicalRecord+Setup.m in Sources */ = {isa = PBXBuildFile; fileRef = CEA0CE3C1661A6F60086151D /* MagicalRecord+Setup.m */; };
		CEA0CE5B1661A6F60086151D /* MagicalRecord+ShorthandSupport.m in Sources */ = {isa = PBXBuildFile; fileRef = CEA0CE3E1661A6F60086151D /* MagicalRecord+ShorthandSupport.m */; };
		CEA0CE5C1661A6F60086151D /* MagicalRecord.m in Sources */ = {isa = PBXBuildFile; fileRef = CEA0CE401661A6F60086151D /* MagicalRecord.m */; };
		CEBBD6471676D6DC008051D2 /* libCorePlot-CocoaTouch.a in Frameworks */ = {isa = PBXBuildFile; fileRef = CEBBD5FB1676D6DC008051D2 /* libCorePlot-CocoaTouch.a */; };
		CEBBD6481676D7D4008051D2 /* libCorePlot-CocoaTouch.a in Sources */ = {isa = PBXBuildFile; fileRef = CEBBD5FB1676D6DC008051D2 /* libCorePlot-CocoaTouch.a */; };
		CEDDE0F61641611800BEFE0A /* StartDetailViewController.m in Sources */ = {isa = PBXBuildFile; fileRef = CEDDE0F51641611800BEFE0A /* StartDetailViewController.m */; };
		CEE88E2715F3C26300382450 /* tabbar_back_opt.jpg in Resources */ = {isa = PBXBuildFile; fileRef = CEE88E2615F3C26300382450 /* tabbar_back_opt.jpg */; };
		CEE88E3915F42BD800382450 /* MainStoryboard.storyboard in Resources */ = {isa = PBXBuildFile; fileRef = CEE88E3815F42BD800382450 /* MainStoryboard.storyboard */; };
		CEEAE27415F2749500A550FA /* QuartzCore.framework in Frameworks */ = {isa = PBXBuildFile; fileRef = CEEAE27315F2749500A550FA /* QuartzCore.framework */; };
		CEEAE27A15F275CA00A550FA /* CPDConstants.m in Sources */ = {isa = PBXBuildFile; fileRef = CEEAE27715F275CA00A550FA /* CPDConstants.m */; };
		CEEAE27B15F275CA00A550FA /* CPDStockPriceStore.m in Sources */ = {isa = PBXBuildFile; fileRef = CEEAE27915F275CA00A550FA /* CPDStockPriceStore.m */; };
		CEEAE27E15F2BEA100A550FA /* icon_piechart.png in Resources */ = {isa = PBXBuildFile; fileRef = CEEAE27D15F2BEA100A550FA /* icon_piechart.png */; };
		CEEAE28015F2C06000A550FA /* icon_smile_face.png in Resources */ = {isa = PBXBuildFile; fileRef = CEEAE27F15F2C06000A550FA /* icon_smile_face.png */; };
		CEF5657B163F17270066F2A2 /* FirstDetailViewController.m in Sources */ = {isa = PBXBuildFile; fileRef = CEF5657A163F17270066F2A2 /* FirstDetailViewController.m */; };
		CEF5657F163F1D600066F2A2 /* SecondTableViewController.m in Sources */ = {isa = PBXBuildFile; fileRef = CEF5657E163F1D600066F2A2 /* SecondTableViewController.m */; };
		CEF56586163F2DCE0066F2A2 /* SecondDetailViewController.m in Sources */ = {isa = PBXBuildFile; fileRef = CEF56584163F2DCD0066F2A2 /* SecondDetailViewController.m */; };
		CEFAD6E416890EB200179017 /* User.m in Sources */ = {isa = PBXBuildFile; fileRef = CEFAD6E316890EB200179017 /* User.m */; };
		CEFAD6E81689115600179017 /* MonthData.m in Sources */ = {isa = PBXBuildFile; fileRef = CEFAD6E71689115600179017 /* MonthData.m */; };
		CEFDC23C163E15480011C3CF /* DetailViewManager.m in Sources */ = {isa = PBXBuildFile; fileRef = CEFDC23B163E15480011C3CF /* DetailViewManager.m */; };
/* End PBXBuildFile section */

/* Begin PBXFileReference section */
		CE0325F3166C20AF00BAB4C6 /* MBProgressHUD.h */ = {isa = PBXFileReference; fileEncoding = 4; lastKnownFileType = sourcecode.c.h; path = MBProgressHUD.h; sourceTree = "<group>"; };
		CE0325F4166C20AF00BAB4C6 /* MBProgressHUD.m */ = {isa = PBXFileReference; fileEncoding = 4; lastKnownFileType = sourcecode.c.objc; path = MBProgressHUD.m; sourceTree = "<group>"; };
		CE071EBF1659ABF1007290B1 /* icon_user.png */ = {isa = PBXFileReference; lastKnownFileType = image.png; path = icon_user.png; sourceTree = "<group>"; };
		CE071EC11659C58B007290B1 /* ProfilePopoverViewController.h */ = {isa = PBXFileReference; fileEncoding = 4; lastKnownFileType = sourcecode.c.h; path = ProfilePopoverViewController.h; sourceTree = "<group>"; };
		CE071EC21659C58B007290B1 /* ProfilePopoverViewController.m */ = {isa = PBXFileReference; fileEncoding = 4; lastKnownFileType = sourcecode.c.objc; path = ProfilePopoverViewController.m; sourceTree = "<group>"; };
		CE0AE4811646049C00EC15B4 /* Security.framework */ = {isa = PBXFileReference; lastKnownFileType = wrapper.framework; name = Security.framework; path = System/Library/Frameworks/Security.framework; sourceTree = SDKROOT; };
		CE0AE4841646051A00EC15B4 /* KeychainItemWrapper.h */ = {isa = PBXFileReference; fileEncoding = 4; lastKnownFileType = sourcecode.c.h; path = KeychainItemWrapper.h; sourceTree = "<group>"; };
		CE0AE4851646051A00EC15B4 /* KeychainItemWrapper.m */ = {isa = PBXFileReference; fileEncoding = 4; lastKnownFileType = sourcecode.c.objc; path = KeychainItemWrapper.m; sourceTree = "<group>"; };
		CE0D631816611B1600381D05 /* CoreData.framework */ = {isa = PBXFileReference; lastKnownFileType = wrapper.framework; name = CoreData.framework; path = System/Library/Frameworks/CoreData.framework; sourceTree = SDKROOT; };
		CE0D631C16611E7500381D05 /* EcoMeterModel.xcdatamodel */ = {isa = PBXFileReference; lastKnownFileType = wrapper.xcdatamodel; path = EcoMeterModel.xcdatamodel; sourceTree = "<group>"; };
		CE11FA84168AC53600425EB8 /* circleDetailsDataBackg.png */ = {isa = PBXFileReference; lastKnownFileType = image.png; path = circleDetailsDataBackg.png; sourceTree = "<group>"; };
		CE12C0251687D4C8001C4959 /* LastMonthsViewController.h */ = {isa = PBXFileReference; fileEncoding = 4; lastKnownFileType = sourcecode.c.h; path = LastMonthsViewController.h; sourceTree = "<group>"; };
		CE12C0261687D4C8001C4959 /* LastMonthsViewController.m */ = {isa = PBXFileReference; fileEncoding = 4; lastKnownFileType = sourcecode.c.objc; path = LastMonthsViewController.m; sourceTree = "<group>"; };
		CE12C0291687D8EA001C4959 /* CircleView.h */ = {isa = PBXFileReference; fileEncoding = 4; lastKnownFileType = sourcecode.c.h; path = CircleView.h; sourceTree = "<group>"; };
		CE12C02A1687D8EA001C4959 /* CircleView.m */ = {isa = PBXFileReference; fileEncoding = 4; lastKnownFileType = sourcecode.c.objc; path = CircleView.m; sourceTree = "<group>"; };
		CE1458B2167C06F400F7D82F /* MCachedModalStoryboardSegue.m */ = {isa = PBXFileReference; fileEncoding = 4; lastKnownFileType = sourcecode.c.objc; path = MCachedModalStoryboardSegue.m; sourceTree = "<group>"; };
		CE1458B3167C06F400F7D82F /* MCachedModalStoryboardSegue.h */ = {isa = PBXFileReference; fileEncoding = 4; lastKnownFileType = sourcecode.c.h; path = MCachedModalStoryboardSegue.h; sourceTree = "<group>"; };
		CE1793CF1683E8E60030723A /* MyOfficeTableViewController.h */ = {isa = PBXFileReference; fileEncoding = 4; lastKnownFileType = sourcecode.c.h; path = MyOfficeTableViewController.h; sourceTree = "<group>"; };
		CE1793D01683E8E60030723A /* MyOfficeTableViewController.m */ = {isa = PBXFileReference; fileEncoding = 4; lastKnownFileType = sourcecode.c.objc; path = MyOfficeTableViewController.m; sourceTree = "<group>"; };
		CE1793D31683F3970030723A /* DataOverviewTableViewController.h */ = {isa = PBXFileReference; fileEncoding = 4; lastKnownFileType = sourcecode.c.h; path = DataOverviewTableViewController.h; sourceTree = "<group>"; };
		CE1793D41683F3970030723A /* DataOverviewTableViewController.m */ = {isa = PBXFileReference; fileEncoding = 4; lastKnownFileType = sourcecode.c.objc; path = DataOverviewTableViewController.m; sourceTree = "<group>"; };
		CE32C3661665890900C3ED81 /* speedometerArrow.png */ = {isa = PBXFileReference; lastKnownFileType = image.png; path = speedometerArrow.png; sourceTree = "<group>"; };
		CE32C36E16658A6000C3ED81 /* CurrentDataViewController.h */ = {isa = PBXFileReference; fileEncoding = 4; lastKnownFileType = sourcecode.c.h; path = CurrentDataViewController.h; sourceTree = "<group>"; };
		CE32C36F16658A6000C3ED81 /* CurrentDataViewController.m */ = {isa = PBXFileReference; fileEncoding = 4; lastKnownFileType = sourcecode.c.objc; path = CurrentDataViewController.m; sourceTree = "<group>"; };
		CE32C37116659B4200C3ED81 /* speedometerBody.png */ = {isa = PBXFileReference; lastKnownFileType = image.png; path = speedometerBody.png; sourceTree = "<group>"; };
		CE32C37316659B4C00C3ED81 /* speedometerCenterWheel.png */ = {isa = PBXFileReference; lastKnownFileType = image.png; path = speedometerCenterWheel.png; sourceTree = "<group>"; };
		CE32C37E1665AB8E00C3ED81 /* AFHTTPClient.h */ = {isa = PBXFileReference; fileEncoding = 4; lastKnownFileType = sourcecode.c.h; path = AFHTTPClient.h; sourceTree = "<group>"; };
		CE32C37F1665AB8E00C3ED81 /* AFHTTPClient.m */ = {isa = PBXFileReference; fileEncoding = 4; lastKnownFileType = sourcecode.c.objc; path = AFHTTPClient.m; sourceTree = "<group>"; };
		CE32C3801665AB8E00C3ED81 /* AFHTTPRequestOperation.h */ = {isa = PBXFileReference; fileEncoding = 4; lastKnownFileType = sourcecode.c.h; path = AFHTTPRequestOperation.h; sourceTree = "<group>"; };
		CE32C3811665AB8E00C3ED81 /* AFHTTPRequestOperation.m */ = {isa = PBXFileReference; fileEncoding = 4; lastKnownFileType = sourcecode.c.objc; path = AFHTTPRequestOperation.m; sourceTree = "<group>"; };
		CE32C3821665AB8E00C3ED81 /* AFImageRequestOperation.h */ = {isa = PBXFileReference; fileEncoding = 4; lastKnownFileType = sourcecode.c.h; path = AFImageRequestOperation.h; sourceTree = "<group>"; };
		CE32C3831665AB8E00C3ED81 /* AFImageRequestOperation.m */ = {isa = PBXFileReference; fileEncoding = 4; lastKnownFileType = sourcecode.c.objc; path = AFImageRequestOperation.m; sourceTree = "<group>"; };
		CE32C3841665AB8E00C3ED81 /* AFJSONRequestOperation.h */ = {isa = PBXFileReference; fileEncoding = 4; lastKnownFileType = sourcecode.c.h; path = AFJSONRequestOperation.h; sourceTree = "<group>"; };
		CE32C3851665AB8E00C3ED81 /* AFJSONRequestOperation.m */ = {isa = PBXFileReference; fileEncoding = 4; lastKnownFileType = sourcecode.c.objc; path = AFJSONRequestOperation.m; sourceTree = "<group>"; };
		CE32C3861665AB8E00C3ED81 /* AFNetworkActivityIndicatorManager.h */ = {isa = PBXFileReference; fileEncoding = 4; lastKnownFileType = sourcecode.c.h; path = AFNetworkActivityIndicatorManager.h; sourceTree = "<group>"; };
		CE32C3871665AB8E00C3ED81 /* AFNetworkActivityIndicatorManager.m */ = {isa = PBXFileReference; fileEncoding = 4; lastKnownFileType = sourcecode.c.objc; path = AFNetworkActivityIndicatorManager.m; sourceTree = "<group>"; };
		CE32C3881665AB8E00C3ED81 /* AFNetworking.h */ = {isa = PBXFileReference; fileEncoding = 4; lastKnownFileType = sourcecode.c.h; path = AFNetworking.h; sourceTree = "<group>"; };
		CE32C3891665AB8E00C3ED81 /* AFPropertyListRequestOperation.h */ = {isa = PBXFileReference; fileEncoding = 4; lastKnownFileType = sourcecode.c.h; path = AFPropertyListRequestOperation.h; sourceTree = "<group>"; };
		CE32C38A1665AB8E00C3ED81 /* AFPropertyListRequestOperation.m */ = {isa = PBXFileReference; fileEncoding = 4; lastKnownFileType = sourcecode.c.objc; path = AFPropertyListRequestOperation.m; sourceTree = "<group>"; };
		CE32C38B1665AB8E00C3ED81 /* AFURLConnectionOperation.h */ = {isa = PBXFileReference; fileEncoding = 4; lastKnownFileType = sourcecode.c.h; path = AFURLConnectionOperation.h; sourceTree = "<group>"; };
		CE32C38C1665AB8E00C3ED81 /* AFURLConnectionOperation.m */ = {isa = PBXFileReference; fileEncoding = 4; lastKnownFileType = sourcecode.c.objc; path = AFURLConnectionOperation.m; sourceTree = "<group>"; };
		CE32C38D1665AB8E00C3ED81 /* AFXMLRequestOperation.h */ = {isa = PBXFileReference; fileEncoding = 4; lastKnownFileType = sourcecode.c.h; path = AFXMLRequestOperation.h; sourceTree = "<group>"; };
		CE32C38E1665AB8E00C3ED81 /* AFXMLRequestOperation.m */ = {isa = PBXFileReference; fileEncoding = 4; lastKnownFileType = sourcecode.c.objc; path = AFXMLRequestOperation.m; sourceTree = "<group>"; };
		CE32C38F1665AB8E00C3ED81 /* UIImageView+AFNetworking.h */ = {isa = PBXFileReference; fileEncoding = 4; lastKnownFileType = sourcecode.c.h; path = "UIImageView+AFNetworking.h"; sourceTree = "<group>"; };
		CE32C3901665AB8E00C3ED81 /* UIImageView+AFNetworking.m */ = {isa = PBXFileReference; fileEncoding = 4; lastKnownFileType = sourcecode.c.objc; path = "UIImageView+AFNetworking.m"; sourceTree = "<group>"; };
		CE32C39B1665B7AD00C3ED81 /* AFAppDotNetAPIClient.h */ = {isa = PBXFileReference; fileEncoding = 4; lastKnownFileType = sourcecode.c.h; path = AFAppDotNetAPIClient.h; sourceTree = "<group>"; };
		CE32C39C1665B7AD00C3ED81 /* AFAppDotNetAPIClient.m */ = {isa = PBXFileReference; fileEncoding = 4; lastKnownFileType = sourcecode.c.objc; path = AFAppDotNetAPIClient.m; sourceTree = "<group>"; };
		CE348C181647668000B14B55 /* RegisterTableViewController.h */ = {isa = PBXFileReference; fileEncoding = 4; lastKnownFileType = sourcecode.c.h; path = RegisterTableViewController.h; sourceTree = "<group>"; };
		CE348C191647668000B14B55 /* RegisterTableViewController.m */ = {isa = PBXFileReference; fileEncoding = 4; lastKnownFileType = sourcecode.c.objc; path = RegisterTableViewController.m; sourceTree = "<group>"; };
		CE3F51CC1659D4BD008EE7DF /* defaultAvatar.png */ = {isa = PBXFileReference; lastKnownFileType = image.png; path = defaultAvatar.png; sourceTree = "<group>"; };
		CE54E7B5168230B300F91C5E /* WeekData.h */ = {isa = PBXFileReference; fileEncoding = 4; lastKnownFileType = sourcecode.c.h; path = WeekData.h; sourceTree = "<group>"; };
		CE54E7B6168230B300F91C5E /* WeekData.m */ = {isa = PBXFileReference; fileEncoding = 4; lastKnownFileType = sourcecode.c.objc; path = WeekData.m; sourceTree = "<group>"; };
		CE54E7BE168292B500F91C5E /* SystemConfiguration.framework */ = {isa = PBXFileReference; lastKnownFileType = wrapper.framework; name = SystemConfiguration.framework; path = System/Library/Frameworks/SystemConfiguration.framework; sourceTree = SDKROOT; };
		CE54E7C01682943400F91C5E /* Reachability.h */ = {isa = PBXFileReference; fileEncoding = 4; lastKnownFileType = sourcecode.c.h; path = Reachability.h; sourceTree = "<group>"; };
		CE54E7C11682943400F91C5E /* Reachability.m */ = {isa = PBXFileReference; fileEncoding = 4; lastKnownFileType = sourcecode.c.objc; path = Reachability.m; sourceTree = "<group>"; };
		CE8B7F5015ED358B006CD57C /* EcoMeter.app */ = {isa = PBXFileReference; explicitFileType = wrapper.application; includeInIndex = 0; path = EcoMeter.app; sourceTree = BUILT_PRODUCTS_DIR; };
		CE8B7F5415ED358B006CD57C /* UIKit.framework */ = {isa = PBXFileReference; lastKnownFileType = wrapper.framework; name = UIKit.framework; path = System/Library/Frameworks/UIKit.framework; sourceTree = SDKROOT; };
		CE8B7F5615ED358B006CD57C /* Foundation.framework */ = {isa = PBXFileReference; lastKnownFileType = wrapper.framework; name = Foundation.framework; path = System/Library/Frameworks/Foundation.framework; sourceTree = SDKROOT; };
		CE8B7F5815ED358B006CD57C /* CoreGraphics.framework */ = {isa = PBXFileReference; lastKnownFileType = wrapper.framework; name = CoreGraphics.framework; path = System/Library/Frameworks/CoreGraphics.framework; sourceTree = SDKROOT; };
		CE8B7F5C15ED358B006CD57C /* uni-project-Info.plist */ = {isa = PBXFileReference; lastKnownFileType = text.plist.xml; path = "uni-project-Info.plist"; sourceTree = "<group>"; };
		CE8B7F5E15ED358B006CD57C /* en */ = {isa = PBXFileReference; lastKnownFileType = text.plist.strings; name = en; path = en.lproj/InfoPlist.strings; sourceTree = "<group>"; };
		CE8B7F6215ED358B006CD57C /* uni-project-Prefix.pch */ = {isa = PBXFileReference; lastKnownFileType = sourcecode.c.h; path = "uni-project-Prefix.pch"; sourceTree = "<group>"; };
		CE8B7F7415ED35D1006CD57C /* MDAppDelegate.h */ = {isa = PBXFileReference; fileEncoding = 4; lastKnownFileType = sourcecode.c.h; path = MDAppDelegate.h; sourceTree = "<group>"; };
		CE8B7F7515ED35D1006CD57C /* MDAppDelegate.m */ = {isa = PBXFileReference; fileEncoding = 4; lastKnownFileType = sourcecode.c.objc; path = MDAppDelegate.m; sourceTree = "<group>"; };
		CE8B7F7615ED35D1006CD57C /* MDDetailViewController.h */ = {isa = PBXFileReference; fileEncoding = 4; lastKnownFileType = sourcecode.c.h; path = MDDetailViewController.h; sourceTree = "<group>"; };
		CE8B7F7715ED35D1006CD57C /* MDDetailViewController.m */ = {isa = PBXFileReference; fileEncoding = 4; lastKnownFileType = sourcecode.c.objc; path = MDDetailViewController.m; sourceTree = "<group>"; };
		CE8B7F7815ED35D1006CD57C /* MDMasterViewController.h */ = {isa = PBXFileReference; fileEncoding = 4; lastKnownFileType = sourcecode.c.h; path = MDMasterViewController.h; sourceTree = "<group>"; };
		CE8B7F7915ED35D1006CD57C /* MDMasterViewController.m */ = {isa = PBXFileReference; fileEncoding = 4; lastKnownFileType = sourcecode.c.objc; path = MDMasterViewController.m; sourceTree = "<group>"; };
		CE8B7F7A15ED35D1006CD57C /* MDMultipleMasterDetailManager.h */ = {isa = PBXFileReference; fileEncoding = 4; lastKnownFileType = sourcecode.c.h; path = MDMultipleMasterDetailManager.h; sourceTree = "<group>"; };
		CE8B7F7B15ED35D1006CD57C /* MDMultipleMasterDetailManager.m */ = {isa = PBXFileReference; fileEncoding = 4; lastKnownFileType = sourcecode.c.objc; path = MDMultipleMasterDetailManager.m; sourceTree = "<group>"; };
		CE8B7F8215ED3630006CD57C /* main.m */ = {isa = PBXFileReference; fileEncoding = 4; lastKnownFileType = sourcecode.c.objc; path = main.m; sourceTree = "<group>"; };
		CE8DCEB716815ABB0030FA4C /* LastWeekViewController.h */ = {isa = PBXFileReference; fileEncoding = 4; lastKnownFileType = sourcecode.c.h; path = LastWeekViewController.h; sourceTree = "<group>"; };
		CE8DCEB816815ABB0030FA4C /* LastWeekViewController.m */ = {isa = PBXFileReference; fileEncoding = 4; lastKnownFileType = sourcecode.c.objc; path = LastWeekViewController.m; sourceTree = "<group>"; };
		CEA0BE99163CD2D700ED0599 /* LoginScreenTableViewController.h */ = {isa = PBXFileReference; fileEncoding = 4; lastKnownFileType = sourcecode.c.h; path = LoginScreenTableViewController.h; sourceTree = "<group>"; };
		CEA0BE9A163CD2D700ED0599 /* LoginScreenTableViewController.m */ = {isa = PBXFileReference; fileEncoding = 4; lastKnownFileType = sourcecode.c.objc; path = LoginScreenTableViewController.m; sourceTree = "<group>"; };
		CEA0BE9F163CD99B00ED0599 /* FirstTableViewController.h */ = {isa = PBXFileReference; fileEncoding = 4; lastKnownFileType = sourcecode.c.h; path = FirstTableViewController.h; sourceTree = "<group>"; };
		CEA0BEA0163CD99B00ED0599 /* FirstTableViewController.m */ = {isa = PBXFileReference; fileEncoding = 4; lastKnownFileType = sourcecode.c.objc; path = FirstTableViewController.m; sourceTree = "<group>"; };
		CEA0CE0A1661A6F60086151D /* MagicalImportFunctions.h */ = {isa = PBXFileReference; fileEncoding = 4; lastKnownFileType = sourcecode.c.h; path = MagicalImportFunctions.h; sourceTree = "<group>"; };
		CEA0CE0B1661A6F60086151D /* MagicalImportFunctions.m */ = {isa = PBXFileReference; fileEncoding = 4; lastKnownFileType = sourcecode.c.objc; path = MagicalImportFunctions.m; sourceTree = "<group>"; };
		CEA0CE0C1661A6F60086151D /* NSAttributeDescription+MagicalDataImport.h */ = {isa = PBXFileReference; fileEncoding = 4; lastKnownFileType = sourcecode.c.h; path = "NSAttributeDescription+MagicalDataImport.h"; sourceTree = "<group>"; };
		CEA0CE0D1661A6F60086151D /* NSAttributeDescription+MagicalDataImport.m */ = {isa = PBXFileReference; fileEncoding = 4; lastKnownFileType = sourcecode.c.objc; path = "NSAttributeDescription+MagicalDataImport.m"; sourceTree = "<group>"; };
		CEA0CE0E1661A6F60086151D /* NSEntityDescription+MagicalDataImport.h */ = {isa = PBXFileReference; fileEncoding = 4; lastKnownFileType = sourcecode.c.h; path = "NSEntityDescription+MagicalDataImport.h"; sourceTree = "<group>"; };
		CEA0CE0F1661A6F60086151D /* NSEntityDescription+MagicalDataImport.m */ = {isa = PBXFileReference; fileEncoding = 4; lastKnownFileType = sourcecode.c.objc; path = "NSEntityDescription+MagicalDataImport.m"; sourceTree = "<group>"; };
		CEA0CE101661A6F60086151D /* NSNumber+MagicalDataImport.h */ = {isa = PBXFileReference; fileEncoding = 4; lastKnownFileType = sourcecode.c.h; path = "NSNumber+MagicalDataImport.h"; sourceTree = "<group>"; };
		CEA0CE111661A6F60086151D /* NSNumber+MagicalDataImport.m */ = {isa = PBXFileReference; fileEncoding = 4; lastKnownFileType = sourcecode.c.objc; path = "NSNumber+MagicalDataImport.m"; sourceTree = "<group>"; };
		CEA0CE121661A6F60086151D /* NSObject+MagicalDataImport.h */ = {isa = PBXFileReference; fileEncoding = 4; lastKnownFileType = sourcecode.c.h; path = "NSObject+MagicalDataImport.h"; sourceTree = "<group>"; };
		CEA0CE131661A6F60086151D /* NSObject+MagicalDataImport.m */ = {isa = PBXFileReference; fileEncoding = 4; lastKnownFileType = sourcecode.c.objc; path = "NSObject+MagicalDataImport.m"; sourceTree = "<group>"; };
		CEA0CE141661A6F60086151D /* NSRelationshipDescription+MagicalDataImport.h */ = {isa = PBXFileReference; fileEncoding = 4; lastKnownFileType = sourcecode.c.h; path = "NSRelationshipDescription+MagicalDataImport.h"; sourceTree = "<group>"; };
		CEA0CE151661A6F60086151D /* NSRelationshipDescription+MagicalDataImport.m */ = {isa = PBXFileReference; fileEncoding = 4; lastKnownFileType = sourcecode.c.objc; path = "NSRelationshipDescription+MagicalDataImport.m"; sourceTree = "<group>"; };
		CEA0CE161661A6F60086151D /* NSString+MagicalDataImport.h */ = {isa = PBXFileReference; fileEncoding = 4; lastKnownFileType = sourcecode.c.h; path = "NSString+MagicalDataImport.h"; sourceTree = "<group>"; };
		CEA0CE171661A6F60086151D /* NSString+MagicalDataImport.m */ = {isa = PBXFileReference; fileEncoding = 4; lastKnownFileType = sourcecode.c.objc; path = "NSString+MagicalDataImport.m"; sourceTree = "<group>"; };
		CEA0CE191661A6F60086151D /* NSManagedObject+MagicalAggregation.h */ = {isa = PBXFileReference; fileEncoding = 4; lastKnownFileType = sourcecode.c.h; path = "NSManagedObject+MagicalAggregation.h"; sourceTree = "<group>"; };
		CEA0CE1A1661A6F60086151D /* NSManagedObject+MagicalAggregation.m */ = {isa = PBXFileReference; fileEncoding = 4; lastKnownFileType = sourcecode.c.objc; path = "NSManagedObject+MagicalAggregation.m"; sourceTree = "<group>"; };
		CEA0CE1B1661A6F60086151D /* NSManagedObject+MagicalDataImport.h */ = {isa = PBXFileReference; fileEncoding = 4; lastKnownFileType = sourcecode.c.h; path = "NSManagedObject+MagicalDataImport.h"; sourceTree = "<group>"; };
		CEA0CE1C1661A6F60086151D /* NSManagedObject+MagicalDataImport.m */ = {isa = PBXFileReference; fileEncoding = 4; lastKnownFileType = sourcecode.c.objc; path = "NSManagedObject+MagicalDataImport.m"; sourceTree = "<group>"; };
		CEA0CE1D1661A6F60086151D /* NSManagedObject+MagicalFinders.h */ = {isa = PBXFileReference; fileEncoding = 4; lastKnownFileType = sourcecode.c.h; path = "NSManagedObject+MagicalFinders.h"; sourceTree = "<group>"; };
		CEA0CE1E1661A6F60086151D /* NSManagedObject+MagicalFinders.m */ = {isa = PBXFileReference; fileEncoding = 4; lastKnownFileType = sourcecode.c.objc; path = "NSManagedObject+MagicalFinders.m"; sourceTree = "<group>"; };
		CEA0CE1F1661A6F60086151D /* NSManagedObject+MagicalRecord.h */ = {isa = PBXFileReference; fileEncoding = 4; lastKnownFileType = sourcecode.c.h; path = "NSManagedObject+MagicalRecord.h"; sourceTree = "<group>"; };
		CEA0CE201661A6F60086151D /* NSManagedObject+MagicalRecord.m */ = {isa = PBXFileReference; fileEncoding = 4; lastKnownFileType = sourcecode.c.objc; path = "NSManagedObject+MagicalRecord.m"; sourceTree = "<group>"; };
		CEA0CE211661A6F60086151D /* NSManagedObject+MagicalRequests.h */ = {isa = PBXFileReference; fileEncoding = 4; lastKnownFileType = sourcecode.c.h; path = "NSManagedObject+MagicalRequests.h"; sourceTree = "<group>"; };
		CEA0CE221661A6F60086151D /* NSManagedObject+MagicalRequests.m */ = {isa = PBXFileReference; fileEncoding = 4; lastKnownFileType = sourcecode.c.objc; path = "NSManagedObject+MagicalRequests.m"; sourceTree = "<group>"; };
		CEA0CE241661A6F60086151D /* NSManagedObjectContext+MagicalObserving.h */ = {isa = PBXFileReference; fileEncoding = 4; lastKnownFileType = sourcecode.c.h; path = "NSManagedObjectContext+MagicalObserving.h"; sourceTree = "<group>"; };
		CEA0CE251661A6F60086151D /* NSManagedObjectContext+MagicalObserving.m */ = {isa = PBXFileReference; fileEncoding = 4; lastKnownFileType = sourcecode.c.objc; path = "NSManagedObjectContext+MagicalObserving.m"; sourceTree = "<group>"; };
		CEA0CE261661A6F60086151D /* NSManagedObjectContext+MagicalRecord.h */ = {isa = PBXFileReference; fileEncoding = 4; lastKnownFileType = sourcecode.c.h; path = "NSManagedObjectContext+MagicalRecord.h"; sourceTree = "<group>"; };
		CEA0CE271661A6F60086151D /* NSManagedObjectContext+MagicalRecord.m */ = {isa = PBXFileReference; fileEncoding = 4; lastKnownFileType = sourcecode.c.objc; path = "NSManagedObjectContext+MagicalRecord.m"; sourceTree = "<group>"; };
		CEA0CE281661A6F60086151D /* NSManagedObjectContext+MagicalSaves.h */ = {isa = PBXFileReference; fileEncoding = 4; lastKnownFileType = sourcecode.c.h; path = "NSManagedObjectContext+MagicalSaves.h"; sourceTree = "<group>"; };
		CEA0CE291661A6F60086151D /* NSManagedObjectContext+MagicalSaves.m */ = {isa = PBXFileReference; fileEncoding = 4; lastKnownFileType = sourcecode.c.objc; path = "NSManagedObjectContext+MagicalSaves.m"; sourceTree = "<group>"; };
		CEA0CE2A1661A6F60086151D /* NSManagedObjectContext+MagicalThreading.h */ = {isa = PBXFileReference; fileEncoding = 4; lastKnownFileType = sourcecode.c.h; path = "NSManagedObjectContext+MagicalThreading.h"; sourceTree = "<group>"; };
		CEA0CE2B1661A6F60086151D /* NSManagedObjectContext+MagicalThreading.m */ = {isa = PBXFileReference; fileEncoding = 4; lastKnownFileType = sourcecode.c.objc; path = "NSManagedObjectContext+MagicalThreading.m"; sourceTree = "<group>"; };
		CEA0CE2C1661A6F60086151D /* NSManagedObjectModel+MagicalRecord.h */ = {isa = PBXFileReference; fileEncoding = 4; lastKnownFileType = sourcecode.c.h; path = "NSManagedObjectModel+MagicalRecord.h"; sourceTree = "<group>"; };
		CEA0CE2D1661A6F60086151D /* NSManagedObjectModel+MagicalRecord.m */ = {isa = PBXFileReference; fileEncoding = 4; lastKnownFileType = sourcecode.c.objc; path = "NSManagedObjectModel+MagicalRecord.m"; sourceTree = "<group>"; };
		CEA0CE2E1661A6F60086151D /* NSPersistentStore+MagicalRecord.h */ = {isa = PBXFileReference; fileEncoding = 4; lastKnownFileType = sourcecode.c.h; path = "NSPersistentStore+MagicalRecord.h"; sourceTree = "<group>"; };
		CEA0CE2F1661A6F60086151D /* NSPersistentStore+MagicalRecord.m */ = {isa = PBXFileReference; fileEncoding = 4; lastKnownFileType = sourcecode.c.objc; path = "NSPersistentStore+MagicalRecord.m"; sourceTree = "<group>"; };
		CEA0CE301661A6F60086151D /* NSPersistentStoreCoordinator+MagicalRecord.h */ = {isa = PBXFileReference; fileEncoding = 4; lastKnownFileType = sourcecode.c.h; path = "NSPersistentStoreCoordinator+MagicalRecord.h"; sourceTree = "<group>"; };
		CEA0CE311661A6F60086151D /* NSPersistentStoreCoordinator+MagicalRecord.m */ = {isa = PBXFileReference; fileEncoding = 4; lastKnownFileType = sourcecode.c.objc; path = "NSPersistentStoreCoordinator+MagicalRecord.m"; sourceTree = "<group>"; };
		CEA0CE331661A6F60086151D /* MagicalRecord+Actions.h */ = {isa = PBXFileReference; fileEncoding = 4; lastKnownFileType = sourcecode.c.h; path = "MagicalRecord+Actions.h"; sourceTree = "<group>"; };
		CEA0CE341661A6F60086151D /* MagicalRecord+Actions.m */ = {isa = PBXFileReference; fileEncoding = 4; lastKnownFileType = sourcecode.c.objc; path = "MagicalRecord+Actions.m"; sourceTree = "<group>"; };
		CEA0CE351661A6F60086151D /* MagicalRecord+ErrorHandling.h */ = {isa = PBXFileReference; fileEncoding = 4; lastKnownFileType = sourcecode.c.h; path = "MagicalRecord+ErrorHandling.h"; sourceTree = "<group>"; };
		CEA0CE361661A6F60086151D /* MagicalRecord+ErrorHandling.m */ = {isa = PBXFileReference; fileEncoding = 4; lastKnownFileType = sourcecode.c.objc; path = "MagicalRecord+ErrorHandling.m"; sourceTree = "<group>"; };
		CEA0CE371661A6F60086151D /* MagicalRecord+iCloud.h */ = {isa = PBXFileReference; fileEncoding = 4; lastKnownFileType = sourcecode.c.h; path = "MagicalRecord+iCloud.h"; sourceTree = "<group>"; };
		CEA0CE381661A6F60086151D /* MagicalRecord+iCloud.m */ = {isa = PBXFileReference; fileEncoding = 4; lastKnownFileType = sourcecode.c.objc; path = "MagicalRecord+iCloud.m"; sourceTree = "<group>"; };
		CEA0CE391661A6F60086151D /* MagicalRecord+Options.h */ = {isa = PBXFileReference; fileEncoding = 4; lastKnownFileType = sourcecode.c.h; path = "MagicalRecord+Options.h"; sourceTree = "<group>"; };
		CEA0CE3A1661A6F60086151D /* MagicalRecord+Options.m */ = {isa = PBXFileReference; fileEncoding = 4; lastKnownFileType = sourcecode.c.objc; path = "MagicalRecord+Options.m"; sourceTree = "<group>"; };
		CEA0CE3B1661A6F60086151D /* MagicalRecord+Setup.h */ = {isa = PBXFileReference; fileEncoding = 4; lastKnownFileType = sourcecode.c.h; path = "MagicalRecord+Setup.h"; sourceTree = "<group>"; };
		CEA0CE3C1661A6F60086151D /* MagicalRecord+Setup.m */ = {isa = PBXFileReference; fileEncoding = 4; lastKnownFileType = sourcecode.c.objc; path = "MagicalRecord+Setup.m"; sourceTree = "<group>"; };
		CEA0CE3D1661A6F60086151D /* MagicalRecord+ShorthandSupport.h */ = {isa = PBXFileReference; fileEncoding = 4; lastKnownFileType = sourcecode.c.h; path = "MagicalRecord+ShorthandSupport.h"; sourceTree = "<group>"; };
		CEA0CE3E1661A6F60086151D /* MagicalRecord+ShorthandSupport.m */ = {isa = PBXFileReference; fileEncoding = 4; lastKnownFileType = sourcecode.c.objc; path = "MagicalRecord+ShorthandSupport.m"; sourceTree = "<group>"; };
		CEA0CE3F1661A6F60086151D /* MagicalRecord.h */ = {isa = PBXFileReference; fileEncoding = 4; lastKnownFileType = sourcecode.c.h; path = MagicalRecord.h; sourceTree = "<group>"; };
		CEA0CE401661A6F60086151D /* MagicalRecord.m */ = {isa = PBXFileReference; fileEncoding = 4; lastKnownFileType = sourcecode.c.objc; path = MagicalRecord.m; sourceTree = "<group>"; };
		CEA0CE411661A6F60086151D /* MagicalRecordShorthand.h */ = {isa = PBXFileReference; fileEncoding = 4; lastKnownFileType = sourcecode.c.h; path = MagicalRecordShorthand.h; sourceTree = "<group>"; };
		CEA0CE421661A6F60086151D /* CoreData+MagicalRecord.h */ = {isa = PBXFileReference; fileEncoding = 4; lastKnownFileType = sourcecode.c.h; path = "CoreData+MagicalRecord.h"; sourceTree = "<group>"; };
		CEBBD5FB1676D6DC008051D2 /* libCorePlot-CocoaTouch.a */ = {isa = PBXFileReference; lastKnownFileType = archive.ar; path = "libCorePlot-CocoaTouch.a"; sourceTree = "<group>"; };
		CEBBD5FD1676D6DC008051D2 /* CorePlot-CocoaTouch.h */ = {isa = PBXFileReference; fileEncoding = 4; lastKnownFileType = sourcecode.c.h; path = "CorePlot-CocoaTouch.h"; sourceTree = "<group>"; };
		CEBBD5FE1676D6DC008051D2 /* CPTAnnotation.h */ = {isa = PBXFileReference; fileEncoding = 4; lastKnownFileType = sourcecode.c.h; path = CPTAnnotation.h; sourceTree = "<group>"; };
		CEBBD5FF1676D6DC008051D2 /* CPTAnnotationHostLayer.h */ = {isa = PBXFileReference; fileEncoding = 4; lastKnownFileType = sourcecode.c.h; path = CPTAnnotationHostLayer.h; sourceTree = "<group>"; };
		CEBBD6001676D6DC008051D2 /* CPTAxis.h */ = {isa = PBXFileReference; fileEncoding = 4; lastKnownFileType = sourcecode.c.h; path = CPTAxis.h; sourceTree = "<group>"; };
		CEBBD6011676D6DC008051D2 /* CPTAxisLabel.h */ = {isa = PBXFileReference; fileEncoding = 4; lastKnownFileType = sourcecode.c.h; path = CPTAxisLabel.h; sourceTree = "<group>"; };
		CEBBD6021676D6DC008051D2 /* CPTAxisLabelGroup.h */ = {isa = PBXFileReference; fileEncoding = 4; lastKnownFileType = sourcecode.c.h; path = CPTAxisLabelGroup.h; sourceTree = "<group>"; };
		CEBBD6031676D6DC008051D2 /* CPTAxisSet.h */ = {isa = PBXFileReference; fileEncoding = 4; lastKnownFileType = sourcecode.c.h; path = CPTAxisSet.h; sourceTree = "<group>"; };
		CEBBD6041676D6DC008051D2 /* CPTAxisTitle.h */ = {isa = PBXFileReference; fileEncoding = 4; lastKnownFileType = sourcecode.c.h; path = CPTAxisTitle.h; sourceTree = "<group>"; };
		CEBBD6051676D6DC008051D2 /* CPTBarPlot.h */ = {isa = PBXFileReference; fileEncoding = 4; lastKnownFileType = sourcecode.c.h; path = CPTBarPlot.h; sourceTree = "<group>"; };
		CEBBD6061676D6DC008051D2 /* CPTBorderedLayer.h */ = {isa = PBXFileReference; fileEncoding = 4; lastKnownFileType = sourcecode.c.h; path = CPTBorderedLayer.h; sourceTree = "<group>"; };
		CEBBD6071676D6DC008051D2 /* CPTCalendarFormatter.h */ = {isa = PBXFileReference; fileEncoding = 4; lastKnownFileType = sourcecode.c.h; path = CPTCalendarFormatter.h; sourceTree = "<group>"; };
		CEBBD6081676D6DC008051D2 /* CPTColor.h */ = {isa = PBXFileReference; fileEncoding = 4; lastKnownFileType = sourcecode.c.h; path = CPTColor.h; sourceTree = "<group>"; };
		CEBBD6091676D6DC008051D2 /* CPTColorSpace.h */ = {isa = PBXFileReference; fileEncoding = 4; lastKnownFileType = sourcecode.c.h; path = CPTColorSpace.h; sourceTree = "<group>"; };
		CEBBD60A1676D6DC008051D2 /* CPTConstraints.h */ = {isa = PBXFileReference; fileEncoding = 4; lastKnownFileType = sourcecode.c.h; path = CPTConstraints.h; sourceTree = "<group>"; };
		CEBBD60B1676D6DC008051D2 /* CPTDataSourceTestCase.h */ = {isa = PBXFileReference; fileEncoding = 4; lastKnownFileType = sourcecode.c.h; path = CPTDataSourceTestCase.h; sourceTree = "<group>"; };
		CEBBD60C1676D6DC008051D2 /* CPTDefinitions.h */ = {isa = PBXFileReference; fileEncoding = 4; lastKnownFileType = sourcecode.c.h; path = CPTDefinitions.h; sourceTree = "<group>"; };
		CEBBD60D1676D6DC008051D2 /* CPTDerivedXYGraph.h */ = {isa = PBXFileReference; fileEncoding = 4; lastKnownFileType = sourcecode.c.h; path = CPTDerivedXYGraph.h; sourceTree = "<group>"; };
		CEBBD60E1676D6DC008051D2 /* CPTExceptions.h */ = {isa = PBXFileReference; fileEncoding = 4; lastKnownFileType = sourcecode.c.h; path = CPTExceptions.h; sourceTree = "<group>"; };
		CEBBD60F1676D6DC008051D2 /* CPTFill.h */ = {isa = PBXFileReference; fileEncoding = 4; lastKnownFileType = sourcecode.c.h; path = CPTFill.h; sourceTree = "<group>"; };
		CEBBD6101676D6DC008051D2 /* CPTGradient.h */ = {isa = PBXFileReference; fileEncoding = 4; lastKnownFileType = sourcecode.c.h; path = CPTGradient.h; sourceTree = "<group>"; };
		CEBBD6111676D6DC008051D2 /* CPTGraph.h */ = {isa = PBXFileReference; fileEncoding = 4; lastKnownFileType = sourcecode.c.h; path = CPTGraph.h; sourceTree = "<group>"; };
		CEBBD6121676D6DC008051D2 /* CPTGraphHostingView.h */ = {isa = PBXFileReference; fileEncoding = 4; lastKnownFileType = sourcecode.c.h; path = CPTGraphHostingView.h; sourceTree = "<group>"; };
		CEBBD6131676D6DC008051D2 /* CPTGridLineGroup.h */ = {isa = PBXFileReference; fileEncoding = 4; lastKnownFileType = sourcecode.c.h; path = CPTGridLineGroup.h; sourceTree = "<group>"; };
		CEBBD6141676D6DC008051D2 /* CPTGridLines.h */ = {isa = PBXFileReference; fileEncoding = 4; lastKnownFileType = sourcecode.c.h; path = CPTGridLines.h; sourceTree = "<group>"; };
		CEBBD6151676D6DC008051D2 /* CPTImage.h */ = {isa = PBXFileReference; fileEncoding = 4; lastKnownFileType = sourcecode.c.h; path = CPTImage.h; sourceTree = "<group>"; };
		CEBBD6161676D6DC008051D2 /* CPTLayer.h */ = {isa = PBXFileReference; fileEncoding = 4; lastKnownFileType = sourcecode.c.h; path = CPTLayer.h; sourceTree = "<group>"; };
		CEBBD6171676D6DC008051D2 /* CPTLayerAnnotation.h */ = {isa = PBXFileReference; fileEncoding = 4; lastKnownFileType = sourcecode.c.h; path = CPTLayerAnnotation.h; sourceTree = "<group>"; };
		CEBBD6181676D6DC008051D2 /* CPTLegend.h */ = {isa = PBXFileReference; fileEncoding = 4; lastKnownFileType = sourcecode.c.h; path = CPTLegend.h; sourceTree = "<group>"; };
		CEBBD6191676D6DC008051D2 /* CPTLegendEntry.h */ = {isa = PBXFileReference; fileEncoding = 4; lastKnownFileType = sourcecode.c.h; path = CPTLegendEntry.h; sourceTree = "<group>"; };
		CEBBD61A1676D6DC008051D2 /* CPTLimitBand.h */ = {isa = PBXFileReference; fileEncoding = 4; lastKnownFileType = sourcecode.c.h; path = CPTLimitBand.h; sourceTree = "<group>"; };
		CEBBD61B1676D6DC008051D2 /* CPTLineCap.h */ = {isa = PBXFileReference; fileEncoding = 4; lastKnownFileType = sourcecode.c.h; path = CPTLineCap.h; sourceTree = "<group>"; };
		CEBBD61C1676D6DC008051D2 /* CPTLineStyle.h */ = {isa = PBXFileReference; fileEncoding = 4; lastKnownFileType = sourcecode.c.h; path = CPTLineStyle.h; sourceTree = "<group>"; };
		CEBBD61D1676D6DC008051D2 /* CPTMutableLineStyle.h */ = {isa = PBXFileReference; fileEncoding = 4; lastKnownFileType = sourcecode.c.h; path = CPTMutableLineStyle.h; sourceTree = "<group>"; };
		CEBBD61E1676D6DC008051D2 /* CPTMutableNumericData+TypeConversion.h */ = {isa = PBXFileReference; fileEncoding = 4; lastKnownFileType = sourcecode.c.h; path = "CPTMutableNumericData+TypeConversion.h"; sourceTree = "<group>"; };
		CEBBD61F1676D6DC008051D2 /* CPTMutableNumericData.h */ = {isa = PBXFileReference; fileEncoding = 4; lastKnownFileType = sourcecode.c.h; path = CPTMutableNumericData.h; sourceTree = "<group>"; };
		CEBBD6201676D6DC008051D2 /* CPTMutablePlotRange.h */ = {isa = PBXFileReference; fileEncoding = 4; lastKnownFileType = sourcecode.c.h; path = CPTMutablePlotRange.h; sourceTree = "<group>"; };
		CEBBD6211676D6DC008051D2 /* CPTMutableShadow.h */ = {isa = PBXFileReference; fileEncoding = 4; lastKnownFileType = sourcecode.c.h; path = CPTMutableShadow.h; sourceTree = "<group>"; };
		CEBBD6221676D6DC008051D2 /* CPTMutableTextStyle.h */ = {isa = PBXFileReference; fileEncoding = 4; lastKnownFileType = sourcecode.c.h; path = CPTMutableTextStyle.h; sourceTree = "<group>"; };
		CEBBD6231676D6DC008051D2 /* CPTNumericData+TypeConversion.h */ = {isa = PBXFileReference; fileEncoding = 4; lastKnownFileType = sourcecode.c.h; path = "CPTNumericData+TypeConversion.h"; sourceTree = "<group>"; };
		CEBBD6241676D6DC008051D2 /* CPTNumericData.h */ = {isa = PBXFileReference; fileEncoding = 4; lastKnownFileType = sourcecode.c.h; path = CPTNumericData.h; sourceTree = "<group>"; };
		CEBBD6251676D6DC008051D2 /* CPTNumericDataType.h */ = {isa = PBXFileReference; fileEncoding = 4; lastKnownFileType = sourcecode.c.h; path = CPTNumericDataType.h; sourceTree = "<group>"; };
		CEBBD6261676D6DC008051D2 /* CPTPathExtensions.h */ = {isa = PBXFileReference; fileEncoding = 4; lastKnownFileType = sourcecode.c.h; path = CPTPathExtensions.h; sourceTree = "<group>"; };
		CEBBD6271676D6DC008051D2 /* CPTPieChart.h */ = {isa = PBXFileReference; fileEncoding = 4; lastKnownFileType = sourcecode.c.h; path = CPTPieChart.h; sourceTree = "<group>"; };
		CEBBD6281676D6DC008051D2 /* CPTPlatformSpecificCategories.h */ = {isa = PBXFileReference; fileEncoding = 4; lastKnownFileType = sourcecode.c.h; path = CPTPlatformSpecificCategories.h; sourceTree = "<group>"; };
		CEBBD6291676D6DC008051D2 /* CPTPlatformSpecificDefines.h */ = {isa = PBXFileReference; fileEncoding = 4; lastKnownFileType = sourcecode.c.h; path = CPTPlatformSpecificDefines.h; sourceTree = "<group>"; };
		CEBBD62A1676D6DC008051D2 /* CPTPlatformSpecificFunctions.h */ = {isa = PBXFileReference; fileEncoding = 4; lastKnownFileType = sourcecode.c.h; path = CPTPlatformSpecificFunctions.h; sourceTree = "<group>"; };
		CEBBD62B1676D6DC008051D2 /* CPTPlot.h */ = {isa = PBXFileReference; fileEncoding = 4; lastKnownFileType = sourcecode.c.h; path = CPTPlot.h; sourceTree = "<group>"; };
		CEBBD62C1676D6DC008051D2 /* CPTPlotArea.h */ = {isa = PBXFileReference; fileEncoding = 4; lastKnownFileType = sourcecode.c.h; path = CPTPlotArea.h; sourceTree = "<group>"; };
		CEBBD62D1676D6DC008051D2 /* CPTPlotAreaFrame.h */ = {isa = PBXFileReference; fileEncoding = 4; lastKnownFileType = sourcecode.c.h; path = CPTPlotAreaFrame.h; sourceTree = "<group>"; };
		CEBBD62E1676D6DC008051D2 /* CPTPlotGroup.h */ = {isa = PBXFileReference; fileEncoding = 4; lastKnownFileType = sourcecode.c.h; path = CPTPlotGroup.h; sourceTree = "<group>"; };
		CEBBD62F1676D6DC008051D2 /* CPTPlotRange.h */ = {isa = PBXFileReference; fileEncoding = 4; lastKnownFileType = sourcecode.c.h; path = CPTPlotRange.h; sourceTree = "<group>"; };
		CEBBD6301676D6DC008051D2 /* CPTPlotSpace.h */ = {isa = PBXFileReference; fileEncoding = 4; lastKnownFileType = sourcecode.c.h; path = CPTPlotSpace.h; sourceTree = "<group>"; };
		CEBBD6311676D6DC008051D2 /* CPTPlotSpaceAnnotation.h */ = {isa = PBXFileReference; fileEncoding = 4; lastKnownFileType = sourcecode.c.h; path = CPTPlotSpaceAnnotation.h; sourceTree = "<group>"; };
		CEBBD6321676D6DC008051D2 /* CPTPlotSymbol.h */ = {isa = PBXFileReference; fileEncoding = 4; lastKnownFileType = sourcecode.c.h; path = CPTPlotSymbol.h; sourceTree = "<group>"; };
		CEBBD6331676D6DC008051D2 /* CPTRangePlot.h */ = {isa = PBXFileReference; fileEncoding = 4; lastKnownFileType = sourcecode.c.h; path = CPTRangePlot.h; sourceTree = "<group>"; };
		CEBBD6341676D6DC008051D2 /* CPTResponder.h */ = {isa = PBXFileReference; fileEncoding = 4; lastKnownFileType = sourcecode.c.h; path = CPTResponder.h; sourceTree = "<group>"; };
		CEBBD6351676D6DC008051D2 /* CPTScatterPlot.h */ = {isa = PBXFileReference; fileEncoding = 4; lastKnownFileType = sourcecode.c.h; path = CPTScatterPlot.h; sourceTree = "<group>"; };
		CEBBD6361676D6DC008051D2 /* CPTShadow.h */ = {isa = PBXFileReference; fileEncoding = 4; lastKnownFileType = sourcecode.c.h; path = CPTShadow.h; sourceTree = "<group>"; };
		CEBBD6371676D6DC008051D2 /* CPTTestCase.h */ = {isa = PBXFileReference; fileEncoding = 4; lastKnownFileType = sourcecode.c.h; path = CPTTestCase.h; sourceTree = "<group>"; };
		CEBBD6381676D6DC008051D2 /* CPTTextLayer.h */ = {isa = PBXFileReference; fileEncoding = 4; lastKnownFileType = sourcecode.c.h; path = CPTTextLayer.h; sourceTree = "<group>"; };
		CEBBD6391676D6DC008051D2 /* CPTTextStyle.h */ = {isa = PBXFileReference; fileEncoding = 4; lastKnownFileType = sourcecode.c.h; path = CPTTextStyle.h; sourceTree = "<group>"; };
		CEBBD63A1676D6DC008051D2 /* CPTTextStylePlatformSpecific.h */ = {isa = PBXFileReference; fileEncoding = 4; lastKnownFileType = sourcecode.c.h; path = CPTTextStylePlatformSpecific.h; sourceTree = "<group>"; };
		CEBBD63B1676D6DC008051D2 /* CPTTheme.h */ = {isa = PBXFileReference; fileEncoding = 4; lastKnownFileType = sourcecode.c.h; path = CPTTheme.h; sourceTree = "<group>"; };
		CEBBD63C1676D6DC008051D2 /* CPTTimeFormatter.h */ = {isa = PBXFileReference; fileEncoding = 4; lastKnownFileType = sourcecode.c.h; path = CPTTimeFormatter.h; sourceTree = "<group>"; };
		CEBBD63D1676D6DC008051D2 /* CPTTradingRangePlot.h */ = {isa = PBXFileReference; fileEncoding = 4; lastKnownFileType = sourcecode.c.h; path = CPTTradingRangePlot.h; sourceTree = "<group>"; };
		CEBBD63E1676D6DC008051D2 /* CPTUtilities.h */ = {isa = PBXFileReference; fileEncoding = 4; lastKnownFileType = sourcecode.c.h; path = CPTUtilities.h; sourceTree = "<group>"; };
		CEBBD63F1676D6DC008051D2 /* CPTXYAxis.h */ = {isa = PBXFileReference; fileEncoding = 4; lastKnownFileType = sourcecode.c.h; path = CPTXYAxis.h; sourceTree = "<group>"; };
		CEBBD6401676D6DC008051D2 /* CPTXYAxisSet.h */ = {isa = PBXFileReference; fileEncoding = 4; lastKnownFileType = sourcecode.c.h; path = CPTXYAxisSet.h; sourceTree = "<group>"; };
		CEBBD6411676D6DC008051D2 /* CPTXYGraph.h */ = {isa = PBXFileReference; fileEncoding = 4; lastKnownFileType = sourcecode.c.h; path = CPTXYGraph.h; sourceTree = "<group>"; };
		CEBBD6421676D6DC008051D2 /* CPTXYPlotSpace.h */ = {isa = PBXFileReference; fileEncoding = 4; lastKnownFileType = sourcecode.c.h; path = CPTXYPlotSpace.h; sourceTree = "<group>"; };
		CEBBD6431676D6DC008051D2 /* mainpage.h */ = {isa = PBXFileReference; fileEncoding = 4; lastKnownFileType = sourcecode.c.h; path = mainpage.h; sourceTree = "<group>"; };
		CEBBD6441676D6DC008051D2 /* NSCoderExtensions.h */ = {isa = PBXFileReference; fileEncoding = 4; lastKnownFileType = sourcecode.c.h; path = NSCoderExtensions.h; sourceTree = "<group>"; };
		CEBBD6451676D6DC008051D2 /* NSDecimalNumberExtensions.h */ = {isa = PBXFileReference; fileEncoding = 4; lastKnownFileType = sourcecode.c.h; path = NSDecimalNumberExtensions.h; sourceTree = "<group>"; };
		CEBBD6461676D6DC008051D2 /* NSNumberExtensions.h */ = {isa = PBXFileReference; fileEncoding = 4; lastKnownFileType = sourcecode.c.h; path = NSNumberExtensions.h; sourceTree = "<group>"; };
		CEDDE0F41641611800BEFE0A /* StartDetailViewController.h */ = {isa = PBXFileReference; fileEncoding = 4; lastKnownFileType = sourcecode.c.h; path = StartDetailViewController.h; sourceTree = "<group>"; };
		CEDDE0F51641611800BEFE0A /* StartDetailViewController.m */ = {isa = PBXFileReference; fileEncoding = 4; lastKnownFileType = sourcecode.c.objc; path = StartDetailViewController.m; sourceTree = "<group>"; };
		CEE88E2615F3C26300382450 /* tabbar_back_opt.jpg */ = {isa = PBXFileReference; lastKnownFileType = image.jpeg; path = tabbar_back_opt.jpg; sourceTree = "<group>"; };
		CEE88E3815F42BD800382450 /* MainStoryboard.storyboard */ = {isa = PBXFileReference; fileEncoding = 4; lastKnownFileType = file.storyboard; path = MainStoryboard.storyboard; sourceTree = "<group>"; };
		CEEAE27315F2749500A550FA /* QuartzCore.framework */ = {isa = PBXFileReference; lastKnownFileType = wrapper.framework; name = QuartzCore.framework; path = System/Library/Frameworks/QuartzCore.framework; sourceTree = SDKROOT; };
		CEEAE27615F275CA00A550FA /* CPDConstants.h */ = {isa = PBXFileReference; fileEncoding = 4; lastKnownFileType = sourcecode.c.h; path = CPDConstants.h; sourceTree = "<group>"; };
		CEEAE27715F275CA00A550FA /* CPDConstants.m */ = {isa = PBXFileReference; fileEncoding = 4; lastKnownFileType = sourcecode.c.objc; path = CPDConstants.m; sourceTree = "<group>"; };
		CEEAE27815F275CA00A550FA /* CPDStockPriceStore.h */ = {isa = PBXFileReference; fileEncoding = 4; lastKnownFileType = sourcecode.c.h; path = CPDStockPriceStore.h; sourceTree = "<group>"; };
		CEEAE27915F275CA00A550FA /* CPDStockPriceStore.m */ = {isa = PBXFileReference; fileEncoding = 4; lastKnownFileType = sourcecode.c.objc; path = CPDStockPriceStore.m; sourceTree = "<group>"; };
		CEEAE27D15F2BEA100A550FA /* icon_piechart.png */ = {isa = PBXFileReference; lastKnownFileType = image.png; path = icon_piechart.png; sourceTree = "<group>"; };
		CEEAE27F15F2C06000A550FA /* icon_smile_face.png */ = {isa = PBXFileReference; lastKnownFileType = image.png; path = icon_smile_face.png; sourceTree = "<group>"; };
		CEF56579163F17270066F2A2 /* FirstDetailViewController.h */ = {isa = PBXFileReference; fileEncoding = 4; lastKnownFileType = sourcecode.c.h; path = FirstDetailViewController.h; sourceTree = "<group>"; };
		CEF5657A163F17270066F2A2 /* FirstDetailViewController.m */ = {isa = PBXFileReference; fileEncoding = 4; lastKnownFileType = sourcecode.c.objc; path = FirstDetailViewController.m; sourceTree = "<group>"; };
		CEF5657D163F1D600066F2A2 /* SecondTableViewController.h */ = {isa = PBXFileReference; fileEncoding = 4; lastKnownFileType = sourcecode.c.h; path = SecondTableViewController.h; sourceTree = "<group>"; };
		CEF5657E163F1D600066F2A2 /* SecondTableViewController.m */ = {isa = PBXFileReference; fileEncoding = 4; lastKnownFileType = sourcecode.c.objc; path = SecondTableViewController.m; sourceTree = "<group>"; };
		CEF56583163F2DCD0066F2A2 /* SecondDetailViewController.h */ = {isa = PBXFileReference; fileEncoding = 4; lastKnownFileType = sourcecode.c.h; path = SecondDetailViewController.h; sourceTree = "<group>"; };
		CEF56584163F2DCD0066F2A2 /* SecondDetailViewController.m */ = {isa = PBXFileReference; fileEncoding = 4; lastKnownFileType = sourcecode.c.objc; path = SecondDetailViewController.m; sourceTree = "<group>"; };
		CEFAD6E216890EB200179017 /* User.h */ = {isa = PBXFileReference; fileEncoding = 4; lastKnownFileType = sourcecode.c.h; path = User.h; sourceTree = "<group>"; };
		CEFAD6E316890EB200179017 /* User.m */ = {isa = PBXFileReference; fileEncoding = 4; lastKnownFileType = sourcecode.c.objc; path = User.m; sourceTree = "<group>"; };
		CEFAD6E61689115600179017 /* MonthData.h */ = {isa = PBXFileReference; fileEncoding = 4; lastKnownFileType = sourcecode.c.h; path = MonthData.h; sourceTree = "<group>"; };
		CEFAD6E71689115600179017 /* MonthData.m */ = {isa = PBXFileReference; fileEncoding = 4; lastKnownFileType = sourcecode.c.objc; path = MonthData.m; sourceTree = "<group>"; };
		CEFDC23A163E15480011C3CF /* DetailViewManager.h */ = {isa = PBXFileReference; fileEncoding = 4; lastKnownFileType = sourcecode.c.h; path = DetailViewManager.h; sourceTree = "<group>"; };
		CEFDC23B163E15480011C3CF /* DetailViewManager.m */ = {isa = PBXFileReference; fileEncoding = 4; lastKnownFileType = sourcecode.c.objc; path = DetailViewManager.m; sourceTree = "<group>"; };
/* End PBXFileReference section */

/* Begin PBXFrameworksBuildPhase section */
		CE8B7F4D15ED358B006CD57C /* Frameworks */ = {
			isa = PBXFrameworksBuildPhase;
			buildActionMask = 2147483647;
			files = (
				CE54E7BF168292B600F91C5E /* SystemConfiguration.framework in Frameworks */,
				CE0D631916611B1600381D05 /* CoreData.framework in Frameworks */,
				CE0AE4821646049C00EC15B4 /* Security.framework in Frameworks */,
				CEEAE27415F2749500A550FA /* QuartzCore.framework in Frameworks */,
				CE8B7F5515ED358B006CD57C /* UIKit.framework in Frameworks */,
				CE8B7F5715ED358B006CD57C /* Foundation.framework in Frameworks */,
				CE8B7F5915ED358B006CD57C /* CoreGraphics.framework in Frameworks */,
				CEBBD6471676D6DC008051D2 /* libCorePlot-CocoaTouch.a in Frameworks */,
			);
			runOnlyForDeploymentPostprocessing = 0;
		};
/* End PBXFrameworksBuildPhase section */

/* Begin PBXGroup section */
		CE0325F1166C209D00BAB4C6 /* MBProgressHUD */ = {
			isa = PBXGroup;
			children = (
				CE0325F3166C20AF00BAB4C6 /* MBProgressHUD.h */,
				CE0325F4166C20AF00BAB4C6 /* MBProgressHUD.m */,
			);
			name = MBProgressHUD;
			sourceTree = "<group>";
		};
		CE0AE47A1645F53C00EC15B4 /* Manager-Classes */ = {
			isa = PBXGroup;
			children = (
				CE8B7F7A15ED35D1006CD57C /* MDMultipleMasterDetailManager.h */,
				CE8B7F7B15ED35D1006CD57C /* MDMultipleMasterDetailManager.m */,
				CEFDC23A163E15480011C3CF /* DetailViewManager.h */,
				CEFDC23B163E15480011C3CF /* DetailViewManager.m */,
			);
			name = "Manager-Classes";
			sourceTree = "<group>";
		};
		CE0AE47C1645F54E00EC15B4 /* Controllers */ = {
			isa = PBXGroup;
			children = (
				CE1793D31683F3970030723A /* DataOverviewTableViewController.h */,
				CE1793D41683F3970030723A /* DataOverviewTableViewController.m */,
				CE1793CF1683E8E60030723A /* MyOfficeTableViewController.h */,
				CE1793D01683E8E60030723A /* MyOfficeTableViewController.m */,
				CE8B7F7815ED35D1006CD57C /* MDMasterViewController.h */,
				CE8B7F7915ED35D1006CD57C /* MDMasterViewController.m */,
				CEA0BE99163CD2D700ED0599 /* LoginScreenTableViewController.h */,
				CEA0BE9A163CD2D700ED0599 /* LoginScreenTableViewController.m */,
				CEA0BE9F163CD99B00ED0599 /* FirstTableViewController.h */,
				CEA0BEA0163CD99B00ED0599 /* FirstTableViewController.m */,
				CEF56579163F17270066F2A2 /* FirstDetailViewController.h */,
				CEF5657A163F17270066F2A2 /* FirstDetailViewController.m */,
				CEF5657D163F1D600066F2A2 /* SecondTableViewController.h */,
				CEF5657E163F1D600066F2A2 /* SecondTableViewController.m */,
				CEF56583163F2DCD0066F2A2 /* SecondDetailViewController.h */,
				CEF56584163F2DCD0066F2A2 /* SecondDetailViewController.m */,
				CEDDE0F41641611800BEFE0A /* StartDetailViewController.h */,
				CEDDE0F51641611800BEFE0A /* StartDetailViewController.m */,
				CE8B7F7615ED35D1006CD57C /* MDDetailViewController.h */,
				CE8B7F7715ED35D1006CD57C /* MDDetailViewController.m */,
				CE348C181647668000B14B55 /* RegisterTableViewController.h */,
				CE348C191647668000B14B55 /* RegisterTableViewController.m */,
				CE071EC11659C58B007290B1 /* ProfilePopoverViewController.h */,
				CE071EC21659C58B007290B1 /* ProfilePopoverViewController.m */,
				CE32C36E16658A6000C3ED81 /* CurrentDataViewController.h */,
				CE32C36F16658A6000C3ED81 /* CurrentDataViewController.m */,
				CE8DCEB716815ABB0030FA4C /* LastWeekViewController.h */,
				CE8DCEB816815ABB0030FA4C /* LastWeekViewController.m */,
				CE12C0251687D4C8001C4959 /* LastMonthsViewController.h */,
				CE12C0261687D4C8001C4959 /* LastMonthsViewController.m */,
			);
			name = Controllers;
			sourceTree = "<group>";
		};
		CE0AE483164604F700EC15B4 /* KeychainWrapper */ = {
			isa = PBXGroup;
			children = (
				CE0AE4841646051A00EC15B4 /* KeychainItemWrapper.h */,
				CE0AE4851646051A00EC15B4 /* KeychainItemWrapper.m */,
			);
			name = KeychainWrapper;
			sourceTree = "<group>";
		};
		CE0D631E16611E8600381D05 /* Models */ = {
			isa = PBXGroup;
			children = (
				CEFAD6E216890EB200179017 /* User.h */,
				CEFAD6E316890EB200179017 /* User.m */,
				CE0D631B16611E7500381D05 /* EcoMeterModel.xcdatamodeld */,
				CEFAD6E61689115600179017 /* MonthData.h */,
				CEFAD6E71689115600179017 /* MonthData.m */,
				CE54E7B5168230B300F91C5E /* WeekData.h */,
				CE54E7B6168230B300F91C5E /* WeekData.m */,
			);
			name = Models;
			path = ..;
			sourceTree = "<group>";
		};
		CE12C02C1687D917001C4959 /* Views */ = {
			isa = PBXGroup;
			children = (
				CE12C0291687D8EA001C4959 /* CircleView.h */,
				CE12C02A1687D8EA001C4959 /* CircleView.m */,
			);
			name = Views;
			sourceTree = "<group>";
		};
		CE1458B6167C152F00F7D82F /* CustomSegues */ = {
			isa = PBXGroup;
			children = (
				CE1458B2167C06F400F7D82F /* MCachedModalStoryboardSegue.m */,
				CE1458B3167C06F400F7D82F /* MCachedModalStoryboardSegue.h */,
			);
			name = CustomSegues;
			sourceTree = "<group>";
		};
		CE32C37D1665AB8E00C3ED81 /* AFNetworking */ = {
			isa = PBXGroup;
			children = (
				CE32C37E1665AB8E00C3ED81 /* AFHTTPClient.h */,
				CE32C37F1665AB8E00C3ED81 /* AFHTTPClient.m */,
				CE32C3801665AB8E00C3ED81 /* AFHTTPRequestOperation.h */,
				CE32C3811665AB8E00C3ED81 /* AFHTTPRequestOperation.m */,
				CE32C3821665AB8E00C3ED81 /* AFImageRequestOperation.h */,
				CE32C3831665AB8E00C3ED81 /* AFImageRequestOperation.m */,
				CE32C3841665AB8E00C3ED81 /* AFJSONRequestOperation.h */,
				CE32C3851665AB8E00C3ED81 /* AFJSONRequestOperation.m */,
				CE32C3861665AB8E00C3ED81 /* AFNetworkActivityIndicatorManager.h */,
				CE32C3871665AB8E00C3ED81 /* AFNetworkActivityIndicatorManager.m */,
				CE32C3881665AB8E00C3ED81 /* AFNetworking.h */,
				CE32C3891665AB8E00C3ED81 /* AFPropertyListRequestOperation.h */,
				CE32C38A1665AB8E00C3ED81 /* AFPropertyListRequestOperation.m */,
				CE32C38B1665AB8E00C3ED81 /* AFURLConnectionOperation.h */,
				CE32C38C1665AB8E00C3ED81 /* AFURLConnectionOperation.m */,
				CE32C38D1665AB8E00C3ED81 /* AFXMLRequestOperation.h */,
				CE32C38E1665AB8E00C3ED81 /* AFXMLRequestOperation.m */,
				CE32C38F1665AB8E00C3ED81 /* UIImageView+AFNetworking.h */,
				CE32C3901665AB8E00C3ED81 /* UIImageView+AFNetworking.m */,
			);
			name = AFNetworking;
			path = ../AFNetworking;
			sourceTree = "<group>";
		};
		CE32C39A1665B77200C3ED81 /* CustomNetworking */ = {
			isa = PBXGroup;
			children = (
				CE32C39B1665B7AD00C3ED81 /* AFAppDotNetAPIClient.h */,
				CE32C39C1665B7AD00C3ED81 /* AFAppDotNetAPIClient.m */,
			);
			name = CustomNetworking;
			sourceTree = "<group>";
		};
		CE54E7C31682944D00F91C5E /* Reachability */ = {
			isa = PBXGroup;
			children = (
				CE54E7C01682943400F91C5E /* Reachability.h */,
				CE54E7C11682943400F91C5E /* Reachability.m */,
			);
			name = Reachability;
			sourceTree = "<group>";
		};
		CE8B7F4515ED358B006CD57C = {
			isa = PBXGroup;
			children = (
				CE8B7F5A15ED358B006CD57C /* uni-project */,
				CE8B7F5315ED358B006CD57C /* Frameworks */,
				CE8B7F5115ED358B006CD57C /* Products */,
			);
			sourceTree = "<group>";
		};
		CE8B7F5115ED358B006CD57C /* Products */ = {
			isa = PBXGroup;
			children = (
				CE8B7F5015ED358B006CD57C /* EcoMeter.app */,
			);
			name = Products;
			sourceTree = "<group>";
		};
		CE8B7F5315ED358B006CD57C /* Frameworks */ = {
			isa = PBXGroup;
			children = (
				CE54E7BE168292B500F91C5E /* SystemConfiguration.framework */,
				CE0D631816611B1600381D05 /* CoreData.framework */,
				CEEAE27315F2749500A550FA /* QuartzCore.framework */,
				CE0AE4811646049C00EC15B4 /* Security.framework */,
				CE8B7F5415ED358B006CD57C /* UIKit.framework */,
				CE8B7F5615ED358B006CD57C /* Foundation.framework */,
				CE8B7F5815ED358B006CD57C /* CoreGraphics.framework */,
			);
			name = Frameworks;
			sourceTree = "<group>";
		};
		CE8B7F5A15ED358B006CD57C /* uni-project */ = {
			isa = PBXGroup;
			children = (
				CE54E7C31682944D00F91C5E /* Reachability */,
				CE1458B6167C152F00F7D82F /* CustomSegues */,
				CEBBD5FA1676D6AE008051D2 /* Core Plot */,
				CE0325F1166C209D00BAB4C6 /* MBProgressHUD */,
				CE32C39A1665B77200C3ED81 /* CustomNetworking */,
				CE32C37D1665AB8E00C3ED81 /* AFNetworking */,
				CEA0CE071661A6F60086151D /* MagicalRecord */,
				CE0AE483164604F700EC15B4 /* KeychainWrapper */,
				CE0D631E16611E8600381D05 /* Models */,
				CE12C02C1687D917001C4959 /* Views */,
				CE0AE47C1645F54E00EC15B4 /* Controllers */,
				CE0AE47A1645F53C00EC15B4 /* Manager-Classes */,
				CEEAE27C15F2BE8F00A550FA /* Images */,
				CE8B7F7415ED35D1006CD57C /* MDAppDelegate.h */,
				CE8B7F7515ED35D1006CD57C /* MDAppDelegate.m */,
				CEEAE27515F275CA00A550FA /* Starter Files */,
				CE8B7F5B15ED358B006CD57C /* Supporting Files */,
			);
			path = "uni-project";
			sourceTree = "<group>";
		};
		CE8B7F5B15ED358B006CD57C /* Supporting Files */ = {
			isa = PBXGroup;
			children = (
				CEE88E3815F42BD800382450 /* MainStoryboard.storyboard */,
				CE8B7F8215ED3630006CD57C /* main.m */,
				CE8B7F5C15ED358B006CD57C /* uni-project-Info.plist */,
				CE8B7F5D15ED358B006CD57C /* InfoPlist.strings */,
				CE8B7F6215ED358B006CD57C /* uni-project-Prefix.pch */,
			);
			name = "Supporting Files";
			sourceTree = "<group>";
		};
		CEA0CE071661A6F60086151D /* MagicalRecord */ = {
			isa = PBXGroup;
			children = (
				CEA0CE081661A6F60086151D /* Categories */,
				CEA0CE321661A6F60086151D /* Core */,
				CEA0CE421661A6F60086151D /* CoreData+MagicalRecord.h */,
			);
			path = MagicalRecord;
			sourceTree = "<group>";
		};
		CEA0CE081661A6F60086151D /* Categories */ = {
			isa = PBXGroup;
			children = (
				CEA0CE091661A6F60086151D /* DataImport */,
				CEA0CE181661A6F60086151D /* NSManagedObject */,
				CEA0CE231661A6F60086151D /* NSManagedObjectContext */,
				CEA0CE2C1661A6F60086151D /* NSManagedObjectModel+MagicalRecord.h */,
				CEA0CE2D1661A6F60086151D /* NSManagedObjectModel+MagicalRecord.m */,
				CEA0CE2E1661A6F60086151D /* NSPersistentStore+MagicalRecord.h */,
				CEA0CE2F1661A6F60086151D /* NSPersistentStore+MagicalRecord.m */,
				CEA0CE301661A6F60086151D /* NSPersistentStoreCoordinator+MagicalRecord.h */,
				CEA0CE311661A6F60086151D /* NSPersistentStoreCoordinator+MagicalRecord.m */,
			);
			path = Categories;
			sourceTree = "<group>";
		};
		CEA0CE091661A6F60086151D /* DataImport */ = {
			isa = PBXGroup;
			children = (
				CEA0CE0A1661A6F60086151D /* MagicalImportFunctions.h */,
				CEA0CE0B1661A6F60086151D /* MagicalImportFunctions.m */,
				CEA0CE0C1661A6F60086151D /* NSAttributeDescription+MagicalDataImport.h */,
				CEA0CE0D1661A6F60086151D /* NSAttributeDescription+MagicalDataImport.m */,
				CEA0CE0E1661A6F60086151D /* NSEntityDescription+MagicalDataImport.h */,
				CEA0CE0F1661A6F60086151D /* NSEntityDescription+MagicalDataImport.m */,
				CEA0CE101661A6F60086151D /* NSNumber+MagicalDataImport.h */,
				CEA0CE111661A6F60086151D /* NSNumber+MagicalDataImport.m */,
				CEA0CE121661A6F60086151D /* NSObject+MagicalDataImport.h */,
				CEA0CE131661A6F60086151D /* NSObject+MagicalDataImport.m */,
				CEA0CE141661A6F60086151D /* NSRelationshipDescription+MagicalDataImport.h */,
				CEA0CE151661A6F60086151D /* NSRelationshipDescription+MagicalDataImport.m */,
				CEA0CE161661A6F60086151D /* NSString+MagicalDataImport.h */,
				CEA0CE171661A6F60086151D /* NSString+MagicalDataImport.m */,
			);
			path = DataImport;
			sourceTree = "<group>";
		};
		CEA0CE181661A6F60086151D /* NSManagedObject */ = {
			isa = PBXGroup;
			children = (
				CEA0CE191661A6F60086151D /* NSManagedObject+MagicalAggregation.h */,
				CEA0CE1A1661A6F60086151D /* NSManagedObject+MagicalAggregation.m */,
				CEA0CE1B1661A6F60086151D /* NSManagedObject+MagicalDataImport.h */,
				CEA0CE1C1661A6F60086151D /* NSManagedObject+MagicalDataImport.m */,
				CEA0CE1D1661A6F60086151D /* NSManagedObject+MagicalFinders.h */,
				CEA0CE1E1661A6F60086151D /* NSManagedObject+MagicalFinders.m */,
				CEA0CE1F1661A6F60086151D /* NSManagedObject+MagicalRecord.h */,
				CEA0CE201661A6F60086151D /* NSManagedObject+MagicalRecord.m */,
				CEA0CE211661A6F60086151D /* NSManagedObject+MagicalRequests.h */,
				CEA0CE221661A6F60086151D /* NSManagedObject+MagicalRequests.m */,
			);
			path = NSManagedObject;
			sourceTree = "<group>";
		};
		CEA0CE231661A6F60086151D /* NSManagedObjectContext */ = {
			isa = PBXGroup;
			children = (
				CEA0CE241661A6F60086151D /* NSManagedObjectContext+MagicalObserving.h */,
				CEA0CE251661A6F60086151D /* NSManagedObjectContext+MagicalObserving.m */,
				CEA0CE261661A6F60086151D /* NSManagedObjectContext+MagicalRecord.h */,
				CEA0CE271661A6F60086151D /* NSManagedObjectContext+MagicalRecord.m */,
				CEA0CE281661A6F60086151D /* NSManagedObjectContext+MagicalSaves.h */,
				CEA0CE291661A6F60086151D /* NSManagedObjectContext+MagicalSaves.m */,
				CEA0CE2A1661A6F60086151D /* NSManagedObjectContext+MagicalThreading.h */,
				CEA0CE2B1661A6F60086151D /* NSManagedObjectContext+MagicalThreading.m */,
			);
			path = NSManagedObjectContext;
			sourceTree = "<group>";
		};
		CEA0CE321661A6F60086151D /* Core */ = {
			isa = PBXGroup;
			children = (
				CEA0CE331661A6F60086151D /* MagicalRecord+Actions.h */,
				CEA0CE341661A6F60086151D /* MagicalRecord+Actions.m */,
				CEA0CE351661A6F60086151D /* MagicalRecord+ErrorHandling.h */,
				CEA0CE361661A6F60086151D /* MagicalRecord+ErrorHandling.m */,
				CEA0CE371661A6F60086151D /* MagicalRecord+iCloud.h */,
				CEA0CE381661A6F60086151D /* MagicalRecord+iCloud.m */,
				CEA0CE391661A6F60086151D /* MagicalRecord+Options.h */,
				CEA0CE3A1661A6F60086151D /* MagicalRecord+Options.m */,
				CEA0CE3B1661A6F60086151D /* MagicalRecord+Setup.h */,
				CEA0CE3C1661A6F60086151D /* MagicalRecord+Setup.m */,
				CEA0CE3D1661A6F60086151D /* MagicalRecord+ShorthandSupport.h */,
				CEA0CE3E1661A6F60086151D /* MagicalRecord+ShorthandSupport.m */,
				CEA0CE3F1661A6F60086151D /* MagicalRecord.h */,
				CEA0CE401661A6F60086151D /* MagicalRecord.m */,
				CEA0CE411661A6F60086151D /* MagicalRecordShorthand.h */,
			);
			path = Core;
			sourceTree = "<group>";
		};
		CEBBD5FA1676D6AE008051D2 /* Core Plot */ = {
			isa = PBXGroup;
			children = (
				CEBBD5FB1676D6DC008051D2 /* libCorePlot-CocoaTouch.a */,
				CEBBD5FC1676D6DC008051D2 /* CorePlotHeaders */,
			);
			name = "Core Plot";
			sourceTree = "<group>";
		};
		CEBBD5FC1676D6DC008051D2 /* CorePlotHeaders */ = {
			isa = PBXGroup;
			children = (
				CEBBD5FD1676D6DC008051D2 /* CorePlot-CocoaTouch.h */,
				CEBBD5FE1676D6DC008051D2 /* CPTAnnotation.h */,
				CEBBD5FF1676D6DC008051D2 /* CPTAnnotationHostLayer.h */,
				CEBBD6001676D6DC008051D2 /* CPTAxis.h */,
				CEBBD6011676D6DC008051D2 /* CPTAxisLabel.h */,
				CEBBD6021676D6DC008051D2 /* CPTAxisLabelGroup.h */,
				CEBBD6031676D6DC008051D2 /* CPTAxisSet.h */,
				CEBBD6041676D6DC008051D2 /* CPTAxisTitle.h */,
				CEBBD6051676D6DC008051D2 /* CPTBarPlot.h */,
				CEBBD6061676D6DC008051D2 /* CPTBorderedLayer.h */,
				CEBBD6071676D6DC008051D2 /* CPTCalendarFormatter.h */,
				CEBBD6081676D6DC008051D2 /* CPTColor.h */,
				CEBBD6091676D6DC008051D2 /* CPTColorSpace.h */,
				CEBBD60A1676D6DC008051D2 /* CPTConstraints.h */,
				CEBBD60B1676D6DC008051D2 /* CPTDataSourceTestCase.h */,
				CEBBD60C1676D6DC008051D2 /* CPTDefinitions.h */,
				CEBBD60D1676D6DC008051D2 /* CPTDerivedXYGraph.h */,
				CEBBD60E1676D6DC008051D2 /* CPTExceptions.h */,
				CEBBD60F1676D6DC008051D2 /* CPTFill.h */,
				CEBBD6101676D6DC008051D2 /* CPTGradient.h */,
				CEBBD6111676D6DC008051D2 /* CPTGraph.h */,
				CEBBD6121676D6DC008051D2 /* CPTGraphHostingView.h */,
				CEBBD6131676D6DC008051D2 /* CPTGridLineGroup.h */,
				CEBBD6141676D6DC008051D2 /* CPTGridLines.h */,
				CEBBD6151676D6DC008051D2 /* CPTImage.h */,
				CEBBD6161676D6DC008051D2 /* CPTLayer.h */,
				CEBBD6171676D6DC008051D2 /* CPTLayerAnnotation.h */,
				CEBBD6181676D6DC008051D2 /* CPTLegend.h */,
				CEBBD6191676D6DC008051D2 /* CPTLegendEntry.h */,
				CEBBD61A1676D6DC008051D2 /* CPTLimitBand.h */,
				CEBBD61B1676D6DC008051D2 /* CPTLineCap.h */,
				CEBBD61C1676D6DC008051D2 /* CPTLineStyle.h */,
				CEBBD61D1676D6DC008051D2 /* CPTMutableLineStyle.h */,
				CEBBD61E1676D6DC008051D2 /* CPTMutableNumericData+TypeConversion.h */,
				CEBBD61F1676D6DC008051D2 /* CPTMutableNumericData.h */,
				CEBBD6201676D6DC008051D2 /* CPTMutablePlotRange.h */,
				CEBBD6211676D6DC008051D2 /* CPTMutableShadow.h */,
				CEBBD6221676D6DC008051D2 /* CPTMutableTextStyle.h */,
				CEBBD6231676D6DC008051D2 /* CPTNumericData+TypeConversion.h */,
				CEBBD6241676D6DC008051D2 /* CPTNumericData.h */,
				CEBBD6251676D6DC008051D2 /* CPTNumericDataType.h */,
				CEBBD6261676D6DC008051D2 /* CPTPathExtensions.h */,
				CEBBD6271676D6DC008051D2 /* CPTPieChart.h */,
				CEBBD6281676D6DC008051D2 /* CPTPlatformSpecificCategories.h */,
				CEBBD6291676D6DC008051D2 /* CPTPlatformSpecificDefines.h */,
				CEBBD62A1676D6DC008051D2 /* CPTPlatformSpecificFunctions.h */,
				CEBBD62B1676D6DC008051D2 /* CPTPlot.h */,
				CEBBD62C1676D6DC008051D2 /* CPTPlotArea.h */,
				CEBBD62D1676D6DC008051D2 /* CPTPlotAreaFrame.h */,
				CEBBD62E1676D6DC008051D2 /* CPTPlotGroup.h */,
				CEBBD62F1676D6DC008051D2 /* CPTPlotRange.h */,
				CEBBD6301676D6DC008051D2 /* CPTPlotSpace.h */,
				CEBBD6311676D6DC008051D2 /* CPTPlotSpaceAnnotation.h */,
				CEBBD6321676D6DC008051D2 /* CPTPlotSymbol.h */,
				CEBBD6331676D6DC008051D2 /* CPTRangePlot.h */,
				CEBBD6341676D6DC008051D2 /* CPTResponder.h */,
				CEBBD6351676D6DC008051D2 /* CPTScatterPlot.h */,
				CEBBD6361676D6DC008051D2 /* CPTShadow.h */,
				CEBBD6371676D6DC008051D2 /* CPTTestCase.h */,
				CEBBD6381676D6DC008051D2 /* CPTTextLayer.h */,
				CEBBD6391676D6DC008051D2 /* CPTTextStyle.h */,
				CEBBD63A1676D6DC008051D2 /* CPTTextStylePlatformSpecific.h */,
				CEBBD63B1676D6DC008051D2 /* CPTTheme.h */,
				CEBBD63C1676D6DC008051D2 /* CPTTimeFormatter.h */,
				CEBBD63D1676D6DC008051D2 /* CPTTradingRangePlot.h */,
				CEBBD63E1676D6DC008051D2 /* CPTUtilities.h */,
				CEBBD63F1676D6DC008051D2 /* CPTXYAxis.h */,
				CEBBD6401676D6DC008051D2 /* CPTXYAxisSet.h */,
				CEBBD6411676D6DC008051D2 /* CPTXYGraph.h */,
				CEBBD6421676D6DC008051D2 /* CPTXYPlotSpace.h */,
				CEBBD6431676D6DC008051D2 /* mainpage.h */,
				CEBBD6441676D6DC008051D2 /* NSCoderExtensions.h */,
				CEBBD6451676D6DC008051D2 /* NSDecimalNumberExtensions.h */,
				CEBBD6461676D6DC008051D2 /* NSNumberExtensions.h */,
			);
			path = CorePlotHeaders;
			sourceTree = "<group>";
		};
		CEEAE27515F275CA00A550FA /* Starter Files */ = {
			isa = PBXGroup;
			children = (
				CEEAE27615F275CA00A550FA /* CPDConstants.h */,
				CEEAE27715F275CA00A550FA /* CPDConstants.m */,
				CEEAE27815F275CA00A550FA /* CPDStockPriceStore.h */,
				CEEAE27915F275CA00A550FA /* CPDStockPriceStore.m */,
			);
			name = "Starter Files";
			path = "../Starter Files";
			sourceTree = "<group>";
		};
		CEEAE27C15F2BE8F00A550FA /* Images */ = {
			isa = PBXGroup;
			children = (
				CE11FA84168AC53600425EB8 /* circleDetailsDataBackg.png */,
				CE32C37316659B4C00C3ED81 /* speedometerCenterWheel.png */,
				CE32C37116659B4200C3ED81 /* speedometerBody.png */,
				CE32C3661665890900C3ED81 /* speedometerArrow.png */,
				CE3F51CC1659D4BD008EE7DF /* defaultAvatar.png */,
				CE071EBF1659ABF1007290B1 /* icon_user.png */,
				CEE88E2615F3C26300382450 /* tabbar_back_opt.jpg */,
				CEEAE27F15F2C06000A550FA /* icon_smile_face.png */,
				CEEAE27D15F2BEA100A550FA /* icon_piechart.png */,
			);
			name = Images;
			sourceTree = "<group>";
		};
/* End PBXGroup section */

/* Begin PBXNativeTarget section */
		CE8B7F4F15ED358B006CD57C /* EcoMeter */ = {
			isa = PBXNativeTarget;
			buildConfigurationList = CE8B7F7115ED358B006CD57C /* Build configuration list for PBXNativeTarget "EcoMeter" */;
			buildPhases = (
				CE8B7F4C15ED358B006CD57C /* Sources */,
				CE8B7F4D15ED358B006CD57C /* Frameworks */,
				CE8B7F4E15ED358B006CD57C /* Resources */,
			);
			buildRules = (
			);
			dependencies = (
			);
			name = EcoMeter;
			productName = "uni-project";
			productReference = CE8B7F5015ED358B006CD57C /* EcoMeter.app */;
			productType = "com.apple.product-type.application";
		};
/* End PBXNativeTarget section */

/* Begin PBXProject section */
		CE8B7F4715ED358B006CD57C /* Project object */ = {
			isa = PBXProject;
			attributes = {
				LastUpgradeCheck = 0440;
				ORGANIZATIONNAME = test;
			};
			buildConfigurationList = CE8B7F4A15ED358B006CD57C /* Build configuration list for PBXProject "uni-project" */;
			compatibilityVersion = "Xcode 3.2";
			developmentRegion = English;
			hasScannedForEncodings = 0;
			knownRegions = (
				en,
				da,
				de,
				fr,
				it,
				ja,
				ko,
				nb,
				pl,
				"pt-PT",
				ro,
				ru,
				sv,
			);
			mainGroup = CE8B7F4515ED358B006CD57C;
			productRefGroup = CE8B7F5115ED358B006CD57C /* Products */;
			projectDirPath = "";
			projectRoot = "";
			targets = (
				CE8B7F4F15ED358B006CD57C /* EcoMeter */,
			);
		};
/* End PBXProject section */

/* Begin PBXResourcesBuildPhase section */
		CE8B7F4E15ED358B006CD57C /* Resources */ = {
			isa = PBXResourcesBuildPhase;
			buildActionMask = 2147483647;
			files = (
				CE8B7F5F15ED358B006CD57C /* InfoPlist.strings in Resources */,
				CEEAE27E15F2BEA100A550FA /* icon_piechart.png in Resources */,
				CEEAE28015F2C06000A550FA /* icon_smile_face.png in Resources */,
				CEE88E2715F3C26300382450 /* tabbar_back_opt.jpg in Resources */,
				CEE88E3915F42BD800382450 /* MainStoryboard.storyboard in Resources */,
				CE071EC01659ABF1007290B1 /* icon_user.png in Resources */,
				CE3F51CD1659D4BD008EE7DF /* defaultAvatar.png in Resources */,
				CE32C3681665890900C3ED81 /* speedometerArrow.png in Resources */,
				CE32C37216659B4200C3ED81 /* speedometerBody.png in Resources */,
				CE32C37416659B4C00C3ED81 /* speedometerCenterWheel.png in Resources */,
				CE11FA85168AC53600425EB8 /* circleDetailsDataBackg.png in Resources */,
			);
			runOnlyForDeploymentPostprocessing = 0;
		};
/* End PBXResourcesBuildPhase section */

/* Begin PBXSourcesBuildPhase section */
		CE8B7F4C15ED358B006CD57C /* Sources */ = {
			isa = PBXSourcesBuildPhase;
			buildActionMask = 2147483647;
			files = (
				CEBBD6481676D7D4008051D2 /* libCorePlot-CocoaTouch.a in Sources */,
				CE8B7F7C15ED35D1006CD57C /* MDAppDelegate.m in Sources */,
				CE8B7F7D15ED35D1006CD57C /* MDDetailViewController.m in Sources */,
				CE8B7F7E15ED35D1006CD57C /* MDMasterViewController.m in Sources */,
				CE8B7F7F15ED35D1006CD57C /* MDMultipleMasterDetailManager.m in Sources */,
				CE8B7F8315ED3630006CD57C /* main.m in Sources */,
				CEEAE27A15F275CA00A550FA /* CPDConstants.m in Sources */,
				CEEAE27B15F275CA00A550FA /* CPDStockPriceStore.m in Sources */,
				CEA0BE9C163CD2D700ED0599 /* LoginScreenTableViewController.m in Sources */,
				CEA0BEA1163CD99B00ED0599 /* FirstTableViewController.m in Sources */,
				CEFDC23C163E15480011C3CF /* DetailViewManager.m in Sources */,
				CEF5657B163F17270066F2A2 /* FirstDetailViewController.m in Sources */,
				CEF5657F163F1D600066F2A2 /* SecondTableViewController.m in Sources */,
				CEF56586163F2DCE0066F2A2 /* SecondDetailViewController.m in Sources */,
				CEDDE0F61641611800BEFE0A /* StartDetailViewController.m in Sources */,
				CE0AE4861646051A00EC15B4 /* KeychainItemWrapper.m in Sources */,
				CE348C1A1647668100B14B55 /* RegisterTableViewController.m in Sources */,
				CE071EC31659C58B007290B1 /* ProfilePopoverViewController.m in Sources */,
				CE0D631D16611E7500381D05 /* EcoMeterModel.xcdatamodeld in Sources */,
				CEA0CE431661A6F60086151D /* MagicalImportFunctions.m in Sources */,
				CEA0CE441661A6F60086151D /* NSAttributeDescription+MagicalDataImport.m in Sources */,
				CEA0CE451661A6F60086151D /* NSEntityDescription+MagicalDataImport.m in Sources */,
				CEA0CE461661A6F60086151D /* NSNumber+MagicalDataImport.m in Sources */,
				CEA0CE471661A6F60086151D /* NSObject+MagicalDataImport.m in Sources */,
				CEA0CE481661A6F60086151D /* NSRelationshipDescription+MagicalDataImport.m in Sources */,
				CEA0CE491661A6F60086151D /* NSString+MagicalDataImport.m in Sources */,
				CEA0CE4A1661A6F60086151D /* NSManagedObject+MagicalAggregation.m in Sources */,
				CEA0CE4B1661A6F60086151D /* NSManagedObject+MagicalDataImport.m in Sources */,
				CEA0CE4C1661A6F60086151D /* NSManagedObject+MagicalFinders.m in Sources */,
				CEA0CE4D1661A6F60086151D /* NSManagedObject+MagicalRecord.m in Sources */,
				CEA0CE4E1661A6F60086151D /* NSManagedObject+MagicalRequests.m in Sources */,
				CEA0CE4F1661A6F60086151D /* NSManagedObjectContext+MagicalObserving.m in Sources */,
				CEA0CE501661A6F60086151D /* NSManagedObjectContext+MagicalRecord.m in Sources */,
				CEA0CE511661A6F60086151D /* NSManagedObjectContext+MagicalSaves.m in Sources */,
				CEA0CE521661A6F60086151D /* NSManagedObjectContext+MagicalThreading.m in Sources */,
				CEA0CE531661A6F60086151D /* NSManagedObjectModel+MagicalRecord.m in Sources */,
				CEA0CE541661A6F60086151D /* NSPersistentStore+MagicalRecord.m in Sources */,
				CEA0CE551661A6F60086151D /* NSPersistentStoreCoordinator+MagicalRecord.m in Sources */,
				CEA0CE561661A6F60086151D /* MagicalRecord+Actions.m in Sources */,
				CEA0CE571661A6F60086151D /* MagicalRecord+ErrorHandling.m in Sources */,
				CEA0CE581661A6F60086151D /* MagicalRecord+iCloud.m in Sources */,
				CEA0CE591661A6F60086151D /* MagicalRecord+Options.m in Sources */,
				CEA0CE5A1661A6F60086151D /* MagicalRecord+Setup.m in Sources */,
				CEA0CE5B1661A6F60086151D /* MagicalRecord+ShorthandSupport.m in Sources */,
				CEA0CE5C1661A6F60086151D /* MagicalRecord.m in Sources */,
				CE32C37016658A6000C3ED81 /* CurrentDataViewController.m in Sources */,
				CE32C3911665AB8E00C3ED81 /* AFHTTPClient.m in Sources */,
				CE32C3921665AB8E00C3ED81 /* AFHTTPRequestOperation.m in Sources */,
				CE32C3931665AB8E00C3ED81 /* AFImageRequestOperation.m in Sources */,
				CE32C3941665AB8E00C3ED81 /* AFJSONRequestOperation.m in Sources */,
				CE32C3951665AB8E00C3ED81 /* AFNetworkActivityIndicatorManager.m in Sources */,
				CE32C3961665AB8E00C3ED81 /* AFPropertyListRequestOperation.m in Sources */,
				CE32C3971665AB8E00C3ED81 /* AFURLConnectionOperation.m in Sources */,
				CE32C3981665AB8E00C3ED81 /* AFXMLRequestOperation.m in Sources */,
				CE32C3991665AB8E00C3ED81 /* UIImageView+AFNetworking.m in Sources */,
				CE32C39D1665B7AD00C3ED81 /* AFAppDotNetAPIClient.m in Sources */,
				CE0325F5166C20AF00BAB4C6 /* MBProgressHUD.m in Sources */,
				CE1458B4167C06F400F7D82F /* MCachedModalStoryboardSegue.m in Sources */,
				CE8DCEB916815ABB0030FA4C /* LastWeekViewController.m in Sources */,
				CE54E7B7168230B300F91C5E /* WeekData.m in Sources */,
				CE54E7C21682943400F91C5E /* Reachability.m in Sources */,
				CE1793D11683E8E60030723A /* MyOfficeTableViewController.m in Sources */,
				CE1793D51683F3970030723A /* DataOverviewTableViewController.m in Sources */,
				CE12C0271687D4C8001C4959 /* LastMonthsViewController.m in Sources */,
				CE12C02B1687D8EA001C4959 /* CircleView.m in Sources */,
				CEFAD6E416890EB200179017 /* User.m in Sources */,
				CEFAD6E81689115600179017 /* MonthData.m in Sources */,
			);
			runOnlyForDeploymentPostprocessing = 0;
		};
/* End PBXSourcesBuildPhase section */

/* Begin PBXVariantGroup section */
		CE8B7F5D15ED358B006CD57C /* InfoPlist.strings */ = {
			isa = PBXVariantGroup;
			children = (
				CE8B7F5E15ED358B006CD57C /* en */,
			);
			name = InfoPlist.strings;
			sourceTree = "<group>";
		};
/* End PBXVariantGroup section */

/* Begin XCBuildConfiguration section */
		CE8B7F6F15ED358B006CD57C /* Debug */ = {
			isa = XCBuildConfiguration;
			buildSettings = {
				ALWAYS_SEARCH_USER_PATHS = NO;
				ARCHS = "$(ARCHS_STANDARD_32_BIT)";
				CLANG_CXX_LANGUAGE_STANDARD = "gnu++0x";
				CLANG_ENABLE_OBJC_ARC = YES;
				CLANG_WARN__DUPLICATE_METHOD_MATCH = YES;
				CODE_SIGN_IDENTITY = "iPhone Developer: Pavel Ermolin (38Z8P7525U)";
				"CODE_SIGN_IDENTITY[sdk=iphoneos*]" = "iPhone Developer: Pavel Ermolin (38Z8P7525U)";
				COPY_PHASE_STRIP = NO;
				GCC_C_LANGUAGE_STANDARD = gnu99;
				GCC_DYNAMIC_NO_PIC = NO;
				GCC_OPTIMIZATION_LEVEL = 0;
				GCC_PREPROCESSOR_DEFINITIONS = (
					"DEBUG=1",
					"$(inherited)",
				);
				GCC_SYMBOLS_PRIVATE_EXTERN = NO;
				GCC_VERSION = com.apple.compilers.llvm.clang.1_0;
				GCC_WARN_ABOUT_RETURN_TYPE = YES;
				GCC_WARN_UNINITIALIZED_AUTOS = YES;
				GCC_WARN_UNUSED_VARIABLE = YES;
				IPHONEOS_DEPLOYMENT_TARGET = 6.0;
				ONLY_ACTIVE_ARCH = YES;
				PROVISIONING_PROFILE = "D1D4511E-F8F5-421B-92EE-C15ED9701D1F";
				"PROVISIONING_PROFILE[sdk=iphoneos*]" = "D1D4511E-F8F5-421B-92EE-C15ED9701D1F";
				SDKROOT = iphoneos;
				TARGETED_DEVICE_FAMILY = 2;
				USER_HEADER_SEARCH_PATHS = "\"$(SRCROOT)/uni-project\"/**";
			};
			name = Debug;
		};
		CE8B7F7015ED358B006CD57C /* Release */ = {
			isa = XCBuildConfiguration;
			buildSettings = {
				ALWAYS_SEARCH_USER_PATHS = NO;
				ARCHS = "$(ARCHS_STANDARD_32_BIT)";
				CLANG_CXX_LANGUAGE_STANDARD = "gnu++0x";
				CLANG_ENABLE_OBJC_ARC = YES;
				CLANG_WARN__DUPLICATE_METHOD_MATCH = YES;
				CODE_SIGN_IDENTITY = "iPhone Developer: Pavel Ermolin (38Z8P7525U)";
				"CODE_SIGN_IDENTITY[sdk=iphoneos*]" = "iPhone Developer: Pavel Ermolin (38Z8P7525U)";
				COPY_PHASE_STRIP = YES;
				GCC_C_LANGUAGE_STANDARD = gnu99;
				GCC_VERSION = com.apple.compilers.llvm.clang.1_0;
				GCC_WARN_ABOUT_RETURN_TYPE = YES;
				GCC_WARN_UNINITIALIZED_AUTOS = YES;
				GCC_WARN_UNUSED_VARIABLE = YES;
				IPHONEOS_DEPLOYMENT_TARGET = 6.0;
				ONLY_ACTIVE_ARCH = YES;
				OTHER_CFLAGS = "-DNS_BLOCK_ASSERTIONS=1";
				PROVISIONING_PROFILE = "D1D4511E-F8F5-421B-92EE-C15ED9701D1F";
				"PROVISIONING_PROFILE[sdk=iphoneos*]" = "D1D4511E-F8F5-421B-92EE-C15ED9701D1F";
				SDKROOT = iphoneos;
				TARGETED_DEVICE_FAMILY = 2;
				USER_HEADER_SEARCH_PATHS = "\"$(SRCROOT)/uni-project\"/**";
				VALIDATE_PRODUCT = YES;
			};
			name = Release;
		};
		CE8B7F7215ED358B006CD57C /* Debug */ = {
			isa = XCBuildConfiguration;
			buildSettings = {
				GCC_PRECOMPILE_PREFIX_HEADER = YES;
				GCC_PREFIX_HEADER = "uni-project/uni-project-Prefix.pch";
				INFOPLIST_FILE = "uni-project/uni-project-Info.plist";
				IPHONEOS_DEPLOYMENT_TARGET = 6.0;
				LIBRARY_SEARCH_PATHS = (
					"$(inherited)",
					"\"$(SRCROOT)/uni-project/CorePlotHeaders\"",
					"\"$(SRCROOT)/uni-project\"",
				);
				"OTHER_LDFLAGS[arch=*]" = (
					"-ObjC",
					"-all_load",
				);
				PRODUCT_NAME = "$(TARGET_NAME)";
				TARGETED_DEVICE_FAMILY = 2;
				WRAPPER_EXTENSION = app;
			};
			name = Debug;
		};
		CE8B7F7315ED358B006CD57C /* Release */ = {
			isa = XCBuildConfiguration;
			buildSettings = {
				GCC_PRECOMPILE_PREFIX_HEADER = YES;
				GCC_PREFIX_HEADER = "uni-project/uni-project-Prefix.pch";
				INFOPLIST_FILE = "uni-project/uni-project-Info.plist";
				IPHONEOS_DEPLOYMENT_TARGET = 6.0;
				LIBRARY_SEARCH_PATHS = (
					"$(inherited)",
					"\"$(SRCROOT)/uni-project/CorePlotHeaders\"",
					"\"$(SRCROOT)/uni-project\"",
				);
				"OTHER_LDFLAGS[arch=*]" = (
					"-ObjC",
					"-all_load",
				);
				PRODUCT_NAME = "$(TARGET_NAME)";
				TARGETED_DEVICE_FAMILY = 2;
				WRAPPER_EXTENSION = app;
			};
			name = Release;
		};
/* End XCBuildConfiguration section */

/* Begin XCConfigurationList section */
		CE8B7F4A15ED358B006CD57C /* Build configuration list for PBXProject "uni-project" */ = {
			isa = XCConfigurationList;
			buildConfigurations = (
				CE8B7F6F15ED358B006CD57C /* Debug */,
				CE8B7F7015ED358B006CD57C /* Release */,
			);
			defaultConfigurationIsVisible = 0;
			defaultConfigurationName = Release;
		};
		CE8B7F7115ED358B006CD57C /* Build configuration list for PBXNativeTarget "EcoMeter" */ = {
			isa = XCConfigurationList;
			buildConfigurations = (
				CE8B7F7215ED358B006CD57C /* Debug */,
				CE8B7F7315ED358B006CD57C /* Release */,
			);
			defaultConfigurationIsVisible = 0;
			defaultConfigurationName = Release;
		};
/* End XCConfigurationList section */

/* Begin XCVersionGroup section */
		CE0D631B16611E7500381D05 /* EcoMeterModel.xcdatamodeld */ = {
			isa = XCVersionGroup;
			children = (
				CE0D631C16611E7500381D05 /* EcoMeterModel.xcdatamodel */,
			);
			currentVersion = CE0D631C16611E7500381D05 /* EcoMeterModel.xcdatamodel */;
			name = EcoMeterModel.xcdatamodeld;
			path = "uni-project/EcoMeterModel.xcdatamodeld";
			sourceTree = "<group>";
			versionGroupType = wrapper.xcdatamodel;
		};
/* End XCVersionGroup section */
	};
	rootObject = CE8B7F4715ED358B006CD57C /* Project object */;
}
