// !$*UTF8*$!
{
	archiveVersion = 1;
	classes = {
	};
	objectVersion = 46;
	objects = {

/* Begin PBXBuildFile section */
		CE071EC01659ABF1007290B1 /* icon_user.png in Resources */ = {isa = PBXBuildFile; fileRef = CE071EBF1659ABF1007290B1 /* icon_user.png */; };
		CE071EC31659C58B007290B1 /* ProfilePopoverViewController.m in Sources */ = {isa = PBXBuildFile; fileRef = CE071EC21659C58B007290B1 /* ProfilePopoverViewController.m */; };
		CE0AE4821646049C00EC15B4 /* Security.framework in Frameworks */ = {isa = PBXBuildFile; fileRef = CE0AE4811646049C00EC15B4 /* Security.framework */; };
		CE0AE4861646051A00EC15B4 /* KeychainItemWrapper.m in Sources */ = {isa = PBXBuildFile; fileRef = CE0AE4851646051A00EC15B4 /* KeychainItemWrapper.m */; };
		CE348C1A1647668100B14B55 /* RegisterTableViewController.m in Sources */ = {isa = PBXBuildFile; fileRef = CE348C191647668000B14B55 /* RegisterTableViewController.m */; };
		CE3F51CD1659D4BD008EE7DF /* defaultAvatar.png in Resources */ = {isa = PBXBuildFile; fileRef = CE3F51CC1659D4BD008EE7DF /* defaultAvatar.png */; };
		CE8B7F5515ED358B006CD57C /* UIKit.framework in Frameworks */ = {isa = PBXBuildFile; fileRef = CE8B7F5415ED358B006CD57C /* UIKit.framework */; };
		CE8B7F5715ED358B006CD57C /* Foundation.framework in Frameworks */ = {isa = PBXBuildFile; fileRef = CE8B7F5615ED358B006CD57C /* Foundation.framework */; };
		CE8B7F5915ED358B006CD57C /* CoreGraphics.framework in Frameworks */ = {isa = PBXBuildFile; fileRef = CE8B7F5815ED358B006CD57C /* CoreGraphics.framework */; };
		CE8B7F5F15ED358B006CD57C /* InfoPlist.strings in Resources */ = {isa = PBXBuildFile; fileRef = CE8B7F5D15ED358B006CD57C /* InfoPlist.strings */; };
		CE8B7F7C15ED35D1006CD57C /* MDAppDelegate.m in Sources */ = {isa = PBXBuildFile; fileRef = CE8B7F7515ED35D1006CD57C /* MDAppDelegate.m */; };
		CE8B7F7D15ED35D1006CD57C /* MDDetailViewController.m in Sources */ = {isa = PBXBuildFile; fileRef = CE8B7F7715ED35D1006CD57C /* MDDetailViewController.m */; };
		CE8B7F7E15ED35D1006CD57C /* MDMasterViewController.m in Sources */ = {isa = PBXBuildFile; fileRef = CE8B7F7915ED35D1006CD57C /* MDMasterViewController.m */; };
		CE8B7F7F15ED35D1006CD57C /* MDMultipleMasterDetailManager.m in Sources */ = {isa = PBXBuildFile; fileRef = CE8B7F7B15ED35D1006CD57C /* MDMultipleMasterDetailManager.m */; };
		CE8B7F8315ED3630006CD57C /* main.m in Sources */ = {isa = PBXBuildFile; fileRef = CE8B7F8215ED3630006CD57C /* main.m */; };
		CEA0BE9C163CD2D700ED0599 /* LoginScreenViewController.m in Sources */ = {isa = PBXBuildFile; fileRef = CEA0BE9A163CD2D700ED0599 /* LoginScreenViewController.m */; };
		CEA0BEA1163CD99B00ED0599 /* FirstTableViewController.m in Sources */ = {isa = PBXBuildFile; fileRef = CEA0BEA0163CD99B00ED0599 /* FirstTableViewController.m */; };
		CEDDE0F61641611800BEFE0A /* StartDetailViewController.m in Sources */ = {isa = PBXBuildFile; fileRef = CEDDE0F51641611800BEFE0A /* StartDetailViewController.m */; };
		CEE88E2715F3C26300382450 /* tabbar_back_opt.jpg in Resources */ = {isa = PBXBuildFile; fileRef = CEE88E2615F3C26300382450 /* tabbar_back_opt.jpg */; };
		CEE88E3915F42BD800382450 /* MainStoryboard.storyboard in Resources */ = {isa = PBXBuildFile; fileRef = CEE88E3815F42BD800382450 /* MainStoryboard.storyboard */; };
		CEEAE27215F273AB00A550FA /* libCorePlot-CocoaTouch.a in Frameworks */ = {isa = PBXBuildFile; fileRef = CEEAE27115F273AB00A550FA /* libCorePlot-CocoaTouch.a */; };
		CEEAE27415F2749500A550FA /* QuartzCore.framework in Frameworks */ = {isa = PBXBuildFile; fileRef = CEEAE27315F2749500A550FA /* QuartzCore.framework */; };
		CEEAE27A15F275CA00A550FA /* CPDConstants.m in Sources */ = {isa = PBXBuildFile; fileRef = CEEAE27715F275CA00A550FA /* CPDConstants.m */; };
		CEEAE27B15F275CA00A550FA /* CPDStockPriceStore.m in Sources */ = {isa = PBXBuildFile; fileRef = CEEAE27915F275CA00A550FA /* CPDStockPriceStore.m */; };
		CEEAE27E15F2BEA100A550FA /* icon_piechart.png in Resources */ = {isa = PBXBuildFile; fileRef = CEEAE27D15F2BEA100A550FA /* icon_piechart.png */; };
		CEEAE28015F2C06000A550FA /* icon_smile_face.png in Resources */ = {isa = PBXBuildFile; fileRef = CEEAE27F15F2C06000A550FA /* icon_smile_face.png */; };
		CEF5657B163F17270066F2A2 /* FirstDetailViewController.m in Sources */ = {isa = PBXBuildFile; fileRef = CEF5657A163F17270066F2A2 /* FirstDetailViewController.m */; };
		CEF5657F163F1D600066F2A2 /* SecondTableViewController.m in Sources */ = {isa = PBXBuildFile; fileRef = CEF5657E163F1D600066F2A2 /* SecondTableViewController.m */; };
		CEF56586163F2DCE0066F2A2 /* SecondDetailViewController.m in Sources */ = {isa = PBXBuildFile; fileRef = CEF56584163F2DCD0066F2A2 /* SecondDetailViewController.m */; };
		CEFDC23C163E15480011C3CF /* DetailViewManager.m in Sources */ = {isa = PBXBuildFile; fileRef = CEFDC23B163E15480011C3CF /* DetailViewManager.m */; };
/* End PBXBuildFile section */

/* Begin PBXFileReference section */
		CE071EBF1659ABF1007290B1 /* icon_user.png */ = {isa = PBXFileReference; lastKnownFileType = image.png; path = icon_user.png; sourceTree = "<group>"; };
		CE071EC11659C58B007290B1 /* ProfilePopoverViewController.h */ = {isa = PBXFileReference; fileEncoding = 4; lastKnownFileType = sourcecode.c.h; path = ProfilePopoverViewController.h; sourceTree = "<group>"; };
		CE071EC21659C58B007290B1 /* ProfilePopoverViewController.m */ = {isa = PBXFileReference; fileEncoding = 4; lastKnownFileType = sourcecode.c.objc; path = ProfilePopoverViewController.m; sourceTree = "<group>"; };
		CE0AE4811646049C00EC15B4 /* Security.framework */ = {isa = PBXFileReference; lastKnownFileType = wrapper.framework; name = Security.framework; path = System/Library/Frameworks/Security.framework; sourceTree = SDKROOT; };
		CE0AE4841646051A00EC15B4 /* KeychainItemWrapper.h */ = {isa = PBXFileReference; fileEncoding = 4; lastKnownFileType = sourcecode.c.h; path = KeychainItemWrapper.h; sourceTree = "<group>"; };
		CE0AE4851646051A00EC15B4 /* KeychainItemWrapper.m */ = {isa = PBXFileReference; fileEncoding = 4; lastKnownFileType = sourcecode.c.objc; path = KeychainItemWrapper.m; sourceTree = "<group>"; };
		CE348C181647668000B14B55 /* RegisterTableViewController.h */ = {isa = PBXFileReference; fileEncoding = 4; lastKnownFileType = sourcecode.c.h; path = RegisterTableViewController.h; sourceTree = "<group>"; };
		CE348C191647668000B14B55 /* RegisterTableViewController.m */ = {isa = PBXFileReference; fileEncoding = 4; lastKnownFileType = sourcecode.c.objc; path = RegisterTableViewController.m; sourceTree = "<group>"; };
		CE3F51CC1659D4BD008EE7DF /* defaultAvatar.png */ = {isa = PBXFileReference; lastKnownFileType = image.png; path = defaultAvatar.png; sourceTree = "<group>"; };
		CE8B7F5015ED358B006CD57C /* EcoMeter.app */ = {isa = PBXFileReference; explicitFileType = wrapper.application; includeInIndex = 0; path = EcoMeter.app; sourceTree = BUILT_PRODUCTS_DIR; };
		CE8B7F5415ED358B006CD57C /* UIKit.framework */ = {isa = PBXFileReference; lastKnownFileType = wrapper.framework; name = UIKit.framework; path = System/Library/Frameworks/UIKit.framework; sourceTree = SDKROOT; };
		CE8B7F5615ED358B006CD57C /* Foundation.framework */ = {isa = PBXFileReference; lastKnownFileType = wrapper.framework; name = Foundation.framework; path = System/Library/Frameworks/Foundation.framework; sourceTree = SDKROOT; };
		CE8B7F5815ED358B006CD57C /* CoreGraphics.framework */ = {isa = PBXFileReference; lastKnownFileType = wrapper.framework; name = CoreGraphics.framework; path = System/Library/Frameworks/CoreGraphics.framework; sourceTree = SDKROOT; };
		CE8B7F5C15ED358B006CD57C /* uni-project-Info.plist */ = {isa = PBXFileReference; lastKnownFileType = text.plist.xml; path = "uni-project-Info.plist"; sourceTree = "<group>"; };
		CE8B7F5E15ED358B006CD57C /* en */ = {isa = PBXFileReference; lastKnownFileType = text.plist.strings; name = en; path = en.lproj/InfoPlist.strings; sourceTree = "<group>"; };
		CE8B7F6215ED358B006CD57C /* uni-project-Prefix.pch */ = {isa = PBXFileReference; lastKnownFileType = sourcecode.c.h; path = "uni-project-Prefix.pch"; sourceTree = "<group>"; };
		CE8B7F7415ED35D1006CD57C /* MDAppDelegate.h */ = {isa = PBXFileReference; fileEncoding = 4; lastKnownFileType = sourcecode.c.h; path = MDAppDelegate.h; sourceTree = "<group>"; };
		CE8B7F7515ED35D1006CD57C /* MDAppDelegate.m */ = {isa = PBXFileReference; fileEncoding = 4; lastKnownFileType = sourcecode.c.objc; path = MDAppDelegate.m; sourceTree = "<group>"; };
		CE8B7F7615ED35D1006CD57C /* MDDetailViewController.h */ = {isa = PBXFileReference; fileEncoding = 4; lastKnownFileType = sourcecode.c.h; path = MDDetailViewController.h; sourceTree = "<group>"; };
		CE8B7F7715ED35D1006CD57C /* MDDetailViewController.m */ = {isa = PBXFileReference; fileEncoding = 4; lastKnownFileType = sourcecode.c.objc; path = MDDetailViewController.m; sourceTree = "<group>"; };
		CE8B7F7815ED35D1006CD57C /* MDMasterViewController.h */ = {isa = PBXFileReference; fileEncoding = 4; lastKnownFileType = sourcecode.c.h; path = MDMasterViewController.h; sourceTree = "<group>"; };
		CE8B7F7915ED35D1006CD57C /* MDMasterViewController.m */ = {isa = PBXFileReference; fileEncoding = 4; lastKnownFileType = sourcecode.c.objc; path = MDMasterViewController.m; sourceTree = "<group>"; };
		CE8B7F7A15ED35D1006CD57C /* MDMultipleMasterDetailManager.h */ = {isa = PBXFileReference; fileEncoding = 4; lastKnownFileType = sourcecode.c.h; path = MDMultipleMasterDetailManager.h; sourceTree = "<group>"; };
		CE8B7F7B15ED35D1006CD57C /* MDMultipleMasterDetailManager.m */ = {isa = PBXFileReference; fileEncoding = 4; lastKnownFileType = sourcecode.c.objc; path = MDMultipleMasterDetailManager.m; sourceTree = "<group>"; };
		CE8B7F8215ED3630006CD57C /* main.m */ = {isa = PBXFileReference; fileEncoding = 4; lastKnownFileType = sourcecode.c.objc; path = main.m; sourceTree = "<group>"; };
		CEA0BE99163CD2D700ED0599 /* LoginScreenViewController.h */ = {isa = PBXFileReference; fileEncoding = 4; lastKnownFileType = sourcecode.c.h; path = LoginScreenViewController.h; sourceTree = "<group>"; };
		CEA0BE9A163CD2D700ED0599 /* LoginScreenViewController.m */ = {isa = PBXFileReference; fileEncoding = 4; lastKnownFileType = sourcecode.c.objc; path = LoginScreenViewController.m; sourceTree = "<group>"; };
		CEA0BE9F163CD99B00ED0599 /* FirstTableViewController.h */ = {isa = PBXFileReference; fileEncoding = 4; lastKnownFileType = sourcecode.c.h; path = FirstTableViewController.h; sourceTree = "<group>"; };
		CEA0BEA0163CD99B00ED0599 /* FirstTableViewController.m */ = {isa = PBXFileReference; fileEncoding = 4; lastKnownFileType = sourcecode.c.objc; path = FirstTableViewController.m; sourceTree = "<group>"; };
		CEDDE0F41641611800BEFE0A /* StartDetailViewController.h */ = {isa = PBXFileReference; fileEncoding = 4; lastKnownFileType = sourcecode.c.h; path = StartDetailViewController.h; sourceTree = "<group>"; };
		CEDDE0F51641611800BEFE0A /* StartDetailViewController.m */ = {isa = PBXFileReference; fileEncoding = 4; lastKnownFileType = sourcecode.c.objc; path = StartDetailViewController.m; sourceTree = "<group>"; };
		CEE88E2615F3C26300382450 /* tabbar_back_opt.jpg */ = {isa = PBXFileReference; lastKnownFileType = image.jpeg; path = tabbar_back_opt.jpg; sourceTree = "<group>"; };
		CEE88E3815F42BD800382450 /* MainStoryboard.storyboard */ = {isa = PBXFileReference; fileEncoding = 4; lastKnownFileType = file.storyboard; path = MainStoryboard.storyboard; sourceTree = "<group>"; };
		CEEAE22215F273AB00A550FA /* _CPTConstraintsFixed.h */ = {isa = PBXFileReference; fileEncoding = 4; lastKnownFileType = sourcecode.c.h; path = _CPTConstraintsFixed.h; sourceTree = "<group>"; };
		CEEAE22315F273AB00A550FA /* _CPTConstraintsRelative.h */ = {isa = PBXFileReference; fileEncoding = 4; lastKnownFileType = sourcecode.c.h; path = _CPTConstraintsRelative.h; sourceTree = "<group>"; };
		CEEAE22415F273AB00A550FA /* _CPTDarkGradientTheme.h */ = {isa = PBXFileReference; fileEncoding = 4; lastKnownFileType = sourcecode.c.h; path = _CPTDarkGradientTheme.h; sourceTree = "<group>"; };
		CEEAE22515F273AB00A550FA /* _CPTFillColor.h */ = {isa = PBXFileReference; fileEncoding = 4; lastKnownFileType = sourcecode.c.h; path = _CPTFillColor.h; sourceTree = "<group>"; };
		CEEAE22615F273AB00A550FA /* _CPTFillGradient.h */ = {isa = PBXFileReference; fileEncoding = 4; lastKnownFileType = sourcecode.c.h; path = _CPTFillGradient.h; sourceTree = "<group>"; };
		CEEAE22715F273AB00A550FA /* _CPTFillImage.h */ = {isa = PBXFileReference; fileEncoding = 4; lastKnownFileType = sourcecode.c.h; path = _CPTFillImage.h; sourceTree = "<group>"; };
		CEEAE22815F273AB00A550FA /* _CPTPlainBlackTheme.h */ = {isa = PBXFileReference; fileEncoding = 4; lastKnownFileType = sourcecode.c.h; path = _CPTPlainBlackTheme.h; sourceTree = "<group>"; };
		CEEAE22915F273AB00A550FA /* _CPTPlainWhiteTheme.h */ = {isa = PBXFileReference; fileEncoding = 4; lastKnownFileType = sourcecode.c.h; path = _CPTPlainWhiteTheme.h; sourceTree = "<group>"; };
		CEEAE22A15F273AB00A550FA /* _CPTSlateTheme.h */ = {isa = PBXFileReference; fileEncoding = 4; lastKnownFileType = sourcecode.c.h; path = _CPTSlateTheme.h; sourceTree = "<group>"; };
		CEEAE22B15F273AB00A550FA /* _CPTStocksTheme.h */ = {isa = PBXFileReference; fileEncoding = 4; lastKnownFileType = sourcecode.c.h; path = _CPTStocksTheme.h; sourceTree = "<group>"; };
		CEEAE22C15F273AB00A550FA /* _CPTXYTheme.h */ = {isa = PBXFileReference; fileEncoding = 4; lastKnownFileType = sourcecode.c.h; path = _CPTXYTheme.h; sourceTree = "<group>"; };
		CEEAE22D15F273AB00A550FA /* CorePlot-CocoaTouch.h */ = {isa = PBXFileReference; fileEncoding = 4; lastKnownFileType = sourcecode.c.h; path = "CorePlot-CocoaTouch.h"; sourceTree = "<group>"; };
		CEEAE22E15F273AB00A550FA /* CPTAnnotation.h */ = {isa = PBXFileReference; fileEncoding = 4; lastKnownFileType = sourcecode.c.h; path = CPTAnnotation.h; sourceTree = "<group>"; };
		CEEAE22F15F273AB00A550FA /* CPTAnnotationHostLayer.h */ = {isa = PBXFileReference; fileEncoding = 4; lastKnownFileType = sourcecode.c.h; path = CPTAnnotationHostLayer.h; sourceTree = "<group>"; };
		CEEAE23015F273AB00A550FA /* CPTAxis.h */ = {isa = PBXFileReference; fileEncoding = 4; lastKnownFileType = sourcecode.c.h; path = CPTAxis.h; sourceTree = "<group>"; };
		CEEAE23115F273AB00A550FA /* CPTAxisLabel.h */ = {isa = PBXFileReference; fileEncoding = 4; lastKnownFileType = sourcecode.c.h; path = CPTAxisLabel.h; sourceTree = "<group>"; };
		CEEAE23215F273AB00A550FA /* CPTAxisLabelGroup.h */ = {isa = PBXFileReference; fileEncoding = 4; lastKnownFileType = sourcecode.c.h; path = CPTAxisLabelGroup.h; sourceTree = "<group>"; };
		CEEAE23315F273AB00A550FA /* CPTAxisSet.h */ = {isa = PBXFileReference; fileEncoding = 4; lastKnownFileType = sourcecode.c.h; path = CPTAxisSet.h; sourceTree = "<group>"; };
		CEEAE23415F273AB00A550FA /* CPTAxisTitle.h */ = {isa = PBXFileReference; fileEncoding = 4; lastKnownFileType = sourcecode.c.h; path = CPTAxisTitle.h; sourceTree = "<group>"; };
		CEEAE23515F273AB00A550FA /* CPTBarPlot.h */ = {isa = PBXFileReference; fileEncoding = 4; lastKnownFileType = sourcecode.c.h; path = CPTBarPlot.h; sourceTree = "<group>"; };
		CEEAE23615F273AB00A550FA /* CPTBorderedLayer.h */ = {isa = PBXFileReference; fileEncoding = 4; lastKnownFileType = sourcecode.c.h; path = CPTBorderedLayer.h; sourceTree = "<group>"; };
		CEEAE23715F273AB00A550FA /* CPTColor.h */ = {isa = PBXFileReference; fileEncoding = 4; lastKnownFileType = sourcecode.c.h; path = CPTColor.h; sourceTree = "<group>"; };
		CEEAE23815F273AB00A550FA /* CPTColorSpace.h */ = {isa = PBXFileReference; fileEncoding = 4; lastKnownFileType = sourcecode.c.h; path = CPTColorSpace.h; sourceTree = "<group>"; };
		CEEAE23915F273AB00A550FA /* CPTConstraints.h */ = {isa = PBXFileReference; fileEncoding = 4; lastKnownFileType = sourcecode.c.h; path = CPTConstraints.h; sourceTree = "<group>"; };
		CEEAE23A15F273AB00A550FA /* CPTDefinitions.h */ = {isa = PBXFileReference; fileEncoding = 4; lastKnownFileType = sourcecode.c.h; path = CPTDefinitions.h; sourceTree = "<group>"; };
		CEEAE23B15F273AB00A550FA /* CPTExceptions.h */ = {isa = PBXFileReference; fileEncoding = 4; lastKnownFileType = sourcecode.c.h; path = CPTExceptions.h; sourceTree = "<group>"; };
		CEEAE23C15F273AB00A550FA /* CPTFill.h */ = {isa = PBXFileReference; fileEncoding = 4; lastKnownFileType = sourcecode.c.h; path = CPTFill.h; sourceTree = "<group>"; };
		CEEAE23D15F273AB00A550FA /* CPTGradient.h */ = {isa = PBXFileReference; fileEncoding = 4; lastKnownFileType = sourcecode.c.h; path = CPTGradient.h; sourceTree = "<group>"; };
		CEEAE23E15F273AB00A550FA /* CPTGraph.h */ = {isa = PBXFileReference; fileEncoding = 4; lastKnownFileType = sourcecode.c.h; path = CPTGraph.h; sourceTree = "<group>"; };
		CEEAE23F15F273AB00A550FA /* CPTGraphHostingView.h */ = {isa = PBXFileReference; fileEncoding = 4; lastKnownFileType = sourcecode.c.h; path = CPTGraphHostingView.h; sourceTree = "<group>"; };
		CEEAE24015F273AB00A550FA /* CPTGridLineGroup.h */ = {isa = PBXFileReference; fileEncoding = 4; lastKnownFileType = sourcecode.c.h; path = CPTGridLineGroup.h; sourceTree = "<group>"; };
		CEEAE24115F273AB00A550FA /* CPTGridLines.h */ = {isa = PBXFileReference; fileEncoding = 4; lastKnownFileType = sourcecode.c.h; path = CPTGridLines.h; sourceTree = "<group>"; };
		CEEAE24215F273AB00A550FA /* CPTImage.h */ = {isa = PBXFileReference; fileEncoding = 4; lastKnownFileType = sourcecode.c.h; path = CPTImage.h; sourceTree = "<group>"; };
		CEEAE24315F273AB00A550FA /* CPTLayer.h */ = {isa = PBXFileReference; fileEncoding = 4; lastKnownFileType = sourcecode.c.h; path = CPTLayer.h; sourceTree = "<group>"; };
		CEEAE24415F273AB00A550FA /* CPTLayerAnnotation.h */ = {isa = PBXFileReference; fileEncoding = 4; lastKnownFileType = sourcecode.c.h; path = CPTLayerAnnotation.h; sourceTree = "<group>"; };
		CEEAE24515F273AB00A550FA /* CPTLegend.h */ = {isa = PBXFileReference; fileEncoding = 4; lastKnownFileType = sourcecode.c.h; path = CPTLegend.h; sourceTree = "<group>"; };
		CEEAE24615F273AB00A550FA /* CPTLegendEntry.h */ = {isa = PBXFileReference; fileEncoding = 4; lastKnownFileType = sourcecode.c.h; path = CPTLegendEntry.h; sourceTree = "<group>"; };
		CEEAE24715F273AB00A550FA /* CPTLimitBand.h */ = {isa = PBXFileReference; fileEncoding = 4; lastKnownFileType = sourcecode.c.h; path = CPTLimitBand.h; sourceTree = "<group>"; };
		CEEAE24815F273AB00A550FA /* CPTLineCap.h */ = {isa = PBXFileReference; fileEncoding = 4; lastKnownFileType = sourcecode.c.h; path = CPTLineCap.h; sourceTree = "<group>"; };
		CEEAE24915F273AB00A550FA /* CPTLineStyle.h */ = {isa = PBXFileReference; fileEncoding = 4; lastKnownFileType = sourcecode.c.h; path = CPTLineStyle.h; sourceTree = "<group>"; };
		CEEAE24A15F273AB00A550FA /* CPTMutableLineStyle.h */ = {isa = PBXFileReference; fileEncoding = 4; lastKnownFileType = sourcecode.c.h; path = CPTMutableLineStyle.h; sourceTree = "<group>"; };
		CEEAE24B15F273AB00A550FA /* CPTMutableNumericData+TypeConversion.h */ = {isa = PBXFileReference; fileEncoding = 4; lastKnownFileType = sourcecode.c.h; path = "CPTMutableNumericData+TypeConversion.h"; sourceTree = "<group>"; };
		CEEAE24C15F273AB00A550FA /* CPTMutableNumericData.h */ = {isa = PBXFileReference; fileEncoding = 4; lastKnownFileType = sourcecode.c.h; path = CPTMutableNumericData.h; sourceTree = "<group>"; };
		CEEAE24D15F273AB00A550FA /* CPTMutablePlotRange.h */ = {isa = PBXFileReference; fileEncoding = 4; lastKnownFileType = sourcecode.c.h; path = CPTMutablePlotRange.h; sourceTree = "<group>"; };
		CEEAE24E15F273AB00A550FA /* CPTMutableShadow.h */ = {isa = PBXFileReference; fileEncoding = 4; lastKnownFileType = sourcecode.c.h; path = CPTMutableShadow.h; sourceTree = "<group>"; };
		CEEAE24F15F273AB00A550FA /* CPTMutableTextStyle.h */ = {isa = PBXFileReference; fileEncoding = 4; lastKnownFileType = sourcecode.c.h; path = CPTMutableTextStyle.h; sourceTree = "<group>"; };
		CEEAE25015F273AB00A550FA /* CPTNumericData+TypeConversion.h */ = {isa = PBXFileReference; fileEncoding = 4; lastKnownFileType = sourcecode.c.h; path = "CPTNumericData+TypeConversion.h"; sourceTree = "<group>"; };
		CEEAE25115F273AB00A550FA /* CPTNumericData.h */ = {isa = PBXFileReference; fileEncoding = 4; lastKnownFileType = sourcecode.c.h; path = CPTNumericData.h; sourceTree = "<group>"; };
		CEEAE25215F273AB00A550FA /* CPTNumericDataType.h */ = {isa = PBXFileReference; fileEncoding = 4; lastKnownFileType = sourcecode.c.h; path = CPTNumericDataType.h; sourceTree = "<group>"; };
		CEEAE25315F273AB00A550FA /* CPTPathExtensions.h */ = {isa = PBXFileReference; fileEncoding = 4; lastKnownFileType = sourcecode.c.h; path = CPTPathExtensions.h; sourceTree = "<group>"; };
		CEEAE25415F273AB00A550FA /* CPTPieChart.h */ = {isa = PBXFileReference; fileEncoding = 4; lastKnownFileType = sourcecode.c.h; path = CPTPieChart.h; sourceTree = "<group>"; };
		CEEAE25515F273AB00A550FA /* CPTPlatformSpecificCategories.h */ = {isa = PBXFileReference; fileEncoding = 4; lastKnownFileType = sourcecode.c.h; path = CPTPlatformSpecificCategories.h; sourceTree = "<group>"; };
		CEEAE25615F273AB00A550FA /* CPTPlatformSpecificDefines.h */ = {isa = PBXFileReference; fileEncoding = 4; lastKnownFileType = sourcecode.c.h; path = CPTPlatformSpecificDefines.h; sourceTree = "<group>"; };
		CEEAE25715F273AB00A550FA /* CPTPlatformSpecificFunctions.h */ = {isa = PBXFileReference; fileEncoding = 4; lastKnownFileType = sourcecode.c.h; path = CPTPlatformSpecificFunctions.h; sourceTree = "<group>"; };
		CEEAE25815F273AB00A550FA /* CPTPlot.h */ = {isa = PBXFileReference; fileEncoding = 4; lastKnownFileType = sourcecode.c.h; path = CPTPlot.h; sourceTree = "<group>"; };
		CEEAE25915F273AB00A550FA /* CPTPlotArea.h */ = {isa = PBXFileReference; fileEncoding = 4; lastKnownFileType = sourcecode.c.h; path = CPTPlotArea.h; sourceTree = "<group>"; };
		CEEAE25A15F273AB00A550FA /* CPTPlotAreaFrame.h */ = {isa = PBXFileReference; fileEncoding = 4; lastKnownFileType = sourcecode.c.h; path = CPTPlotAreaFrame.h; sourceTree = "<group>"; };
		CEEAE25B15F273AB00A550FA /* CPTPlotGroup.h */ = {isa = PBXFileReference; fileEncoding = 4; lastKnownFileType = sourcecode.c.h; path = CPTPlotGroup.h; sourceTree = "<group>"; };
		CEEAE25C15F273AB00A550FA /* CPTPlotRange.h */ = {isa = PBXFileReference; fileEncoding = 4; lastKnownFileType = sourcecode.c.h; path = CPTPlotRange.h; sourceTree = "<group>"; };
		CEEAE25D15F273AB00A550FA /* CPTPlotSpace.h */ = {isa = PBXFileReference; fileEncoding = 4; lastKnownFileType = sourcecode.c.h; path = CPTPlotSpace.h; sourceTree = "<group>"; };
		CEEAE25E15F273AB00A550FA /* CPTPlotSpaceAnnotation.h */ = {isa = PBXFileReference; fileEncoding = 4; lastKnownFileType = sourcecode.c.h; path = CPTPlotSpaceAnnotation.h; sourceTree = "<group>"; };
		CEEAE25F15F273AB00A550FA /* CPTPlotSymbol.h */ = {isa = PBXFileReference; fileEncoding = 4; lastKnownFileType = sourcecode.c.h; path = CPTPlotSymbol.h; sourceTree = "<group>"; };
		CEEAE26015F273AB00A550FA /* CPTRangePlot.h */ = {isa = PBXFileReference; fileEncoding = 4; lastKnownFileType = sourcecode.c.h; path = CPTRangePlot.h; sourceTree = "<group>"; };
		CEEAE26115F273AB00A550FA /* CPTResponder.h */ = {isa = PBXFileReference; fileEncoding = 4; lastKnownFileType = sourcecode.c.h; path = CPTResponder.h; sourceTree = "<group>"; };
		CEEAE26215F273AB00A550FA /* CPTScatterPlot.h */ = {isa = PBXFileReference; fileEncoding = 4; lastKnownFileType = sourcecode.c.h; path = CPTScatterPlot.h; sourceTree = "<group>"; };
		CEEAE26315F273AB00A550FA /* CPTShadow.h */ = {isa = PBXFileReference; fileEncoding = 4; lastKnownFileType = sourcecode.c.h; path = CPTShadow.h; sourceTree = "<group>"; };
		CEEAE26415F273AB00A550FA /* CPTTextLayer.h */ = {isa = PBXFileReference; fileEncoding = 4; lastKnownFileType = sourcecode.c.h; path = CPTTextLayer.h; sourceTree = "<group>"; };
		CEEAE26515F273AB00A550FA /* CPTTextStyle.h */ = {isa = PBXFileReference; fileEncoding = 4; lastKnownFileType = sourcecode.c.h; path = CPTTextStyle.h; sourceTree = "<group>"; };
		CEEAE26615F273AB00A550FA /* CPTTheme.h */ = {isa = PBXFileReference; fileEncoding = 4; lastKnownFileType = sourcecode.c.h; path = CPTTheme.h; sourceTree = "<group>"; };
		CEEAE26715F273AB00A550FA /* CPTTimeFormatter.h */ = {isa = PBXFileReference; fileEncoding = 4; lastKnownFileType = sourcecode.c.h; path = CPTTimeFormatter.h; sourceTree = "<group>"; };
		CEEAE26815F273AB00A550FA /* CPTTradingRangePlot.h */ = {isa = PBXFileReference; fileEncoding = 4; lastKnownFileType = sourcecode.c.h; path = CPTTradingRangePlot.h; sourceTree = "<group>"; };
		CEEAE26915F273AB00A550FA /* CPTUtilities.h */ = {isa = PBXFileReference; fileEncoding = 4; lastKnownFileType = sourcecode.c.h; path = CPTUtilities.h; sourceTree = "<group>"; };
		CEEAE26A15F273AB00A550FA /* CPTXYAxis.h */ = {isa = PBXFileReference; fileEncoding = 4; lastKnownFileType = sourcecode.c.h; path = CPTXYAxis.h; sourceTree = "<group>"; };
		CEEAE26B15F273AB00A550FA /* CPTXYAxisSet.h */ = {isa = PBXFileReference; fileEncoding = 4; lastKnownFileType = sourcecode.c.h; path = CPTXYAxisSet.h; sourceTree = "<group>"; };
		CEEAE26C15F273AB00A550FA /* CPTXYGraph.h */ = {isa = PBXFileReference; fileEncoding = 4; lastKnownFileType = sourcecode.c.h; path = CPTXYGraph.h; sourceTree = "<group>"; };
		CEEAE26D15F273AB00A550FA /* CPTXYPlotSpace.h */ = {isa = PBXFileReference; fileEncoding = 4; lastKnownFileType = sourcecode.c.h; path = CPTXYPlotSpace.h; sourceTree = "<group>"; };
		CEEAE26E15F273AB00A550FA /* NSCoderExtensions.h */ = {isa = PBXFileReference; fileEncoding = 4; lastKnownFileType = sourcecode.c.h; path = NSCoderExtensions.h; sourceTree = "<group>"; };
		CEEAE26F15F273AB00A550FA /* NSDecimalNumberExtensions.h */ = {isa = PBXFileReference; fileEncoding = 4; lastKnownFileType = sourcecode.c.h; path = NSDecimalNumberExtensions.h; sourceTree = "<group>"; };
		CEEAE27015F273AB00A550FA /* NSNumberExtensions.h */ = {isa = PBXFileReference; fileEncoding = 4; lastKnownFileType = sourcecode.c.h; path = NSNumberExtensions.h; sourceTree = "<group>"; };
		CEEAE27115F273AB00A550FA /* libCorePlot-CocoaTouch.a */ = {isa = PBXFileReference; lastKnownFileType = archive.ar; path = "libCorePlot-CocoaTouch.a"; sourceTree = "<group>"; };
		CEEAE27315F2749500A550FA /* QuartzCore.framework */ = {isa = PBXFileReference; lastKnownFileType = wrapper.framework; name = QuartzCore.framework; path = System/Library/Frameworks/QuartzCore.framework; sourceTree = SDKROOT; };
		CEEAE27615F275CA00A550FA /* CPDConstants.h */ = {isa = PBXFileReference; fileEncoding = 4; lastKnownFileType = sourcecode.c.h; path = CPDConstants.h; sourceTree = "<group>"; };
		CEEAE27715F275CA00A550FA /* CPDConstants.m */ = {isa = PBXFileReference; fileEncoding = 4; lastKnownFileType = sourcecode.c.objc; path = CPDConstants.m; sourceTree = "<group>"; };
		CEEAE27815F275CA00A550FA /* CPDStockPriceStore.h */ = {isa = PBXFileReference; fileEncoding = 4; lastKnownFileType = sourcecode.c.h; path = CPDStockPriceStore.h; sourceTree = "<group>"; };
		CEEAE27915F275CA00A550FA /* CPDStockPriceStore.m */ = {isa = PBXFileReference; fileEncoding = 4; lastKnownFileType = sourcecode.c.objc; path = CPDStockPriceStore.m; sourceTree = "<group>"; };
		CEEAE27D15F2BEA100A550FA /* icon_piechart.png */ = {isa = PBXFileReference; lastKnownFileType = image.png; path = icon_piechart.png; sourceTree = "<group>"; };
		CEEAE27F15F2C06000A550FA /* icon_smile_face.png */ = {isa = PBXFileReference; lastKnownFileType = image.png; path = icon_smile_face.png; sourceTree = "<group>"; };
		CEF56579163F17270066F2A2 /* FirstDetailViewController.h */ = {isa = PBXFileReference; fileEncoding = 4; lastKnownFileType = sourcecode.c.h; path = FirstDetailViewController.h; sourceTree = "<group>"; };
		CEF5657A163F17270066F2A2 /* FirstDetailViewController.m */ = {isa = PBXFileReference; fileEncoding = 4; lastKnownFileType = sourcecode.c.objc; path = FirstDetailViewController.m; sourceTree = "<group>"; };
		CEF5657D163F1D600066F2A2 /* SecondTableViewController.h */ = {isa = PBXFileReference; fileEncoding = 4; lastKnownFileType = sourcecode.c.h; path = SecondTableViewController.h; sourceTree = "<group>"; };
		CEF5657E163F1D600066F2A2 /* SecondTableViewController.m */ = {isa = PBXFileReference; fileEncoding = 4; lastKnownFileType = sourcecode.c.objc; path = SecondTableViewController.m; sourceTree = "<group>"; };
		CEF56583163F2DCD0066F2A2 /* SecondDetailViewController.h */ = {isa = PBXFileReference; fileEncoding = 4; lastKnownFileType = sourcecode.c.h; path = SecondDetailViewController.h; sourceTree = "<group>"; };
		CEF56584163F2DCD0066F2A2 /* SecondDetailViewController.m */ = {isa = PBXFileReference; fileEncoding = 4; lastKnownFileType = sourcecode.c.objc; path = SecondDetailViewController.m; sourceTree = "<group>"; };
		CEFDC23A163E15480011C3CF /* DetailViewManager.h */ = {isa = PBXFileReference; fileEncoding = 4; lastKnownFileType = sourcecode.c.h; path = DetailViewManager.h; sourceTree = "<group>"; };
		CEFDC23B163E15480011C3CF /* DetailViewManager.m */ = {isa = PBXFileReference; fileEncoding = 4; lastKnownFileType = sourcecode.c.objc; path = DetailViewManager.m; sourceTree = "<group>"; };
/* End PBXFileReference section */

/* Begin PBXFrameworksBuildPhase section */
		CE8B7F4D15ED358B006CD57C /* Frameworks */ = {
			isa = PBXFrameworksBuildPhase;
			buildActionMask = 2147483647;
			files = (
				CE0AE4821646049C00EC15B4 /* Security.framework in Frameworks */,
				CEEAE27415F2749500A550FA /* QuartzCore.framework in Frameworks */,
				CE8B7F5515ED358B006CD57C /* UIKit.framework in Frameworks */,
				CE8B7F5715ED358B006CD57C /* Foundation.framework in Frameworks */,
				CE8B7F5915ED358B006CD57C /* CoreGraphics.framework in Frameworks */,
				CEEAE27215F273AB00A550FA /* libCorePlot-CocoaTouch.a in Frameworks */,
			);
			runOnlyForDeploymentPostprocessing = 0;
		};
/* End PBXFrameworksBuildPhase section */

/* Begin PBXGroup section */
		CE0AE47A1645F53C00EC15B4 /* Manager-Classes */ = {
			isa = PBXGroup;
			children = (
				CE8B7F7A15ED35D1006CD57C /* MDMultipleMasterDetailManager.h */,
				CE8B7F7B15ED35D1006CD57C /* MDMultipleMasterDetailManager.m */,
				CEFDC23A163E15480011C3CF /* DetailViewManager.h */,
				CEFDC23B163E15480011C3CF /* DetailViewManager.m */,
			);
			name = "Manager-Classes";
			sourceTree = "<group>";
		};
		CE0AE47C1645F54E00EC15B4 /* Controllers */ = {
			isa = PBXGroup;
			children = (
				CE8B7F7815ED35D1006CD57C /* MDMasterViewController.h */,
				CE8B7F7915ED35D1006CD57C /* MDMasterViewController.m */,
				CEA0BE99163CD2D700ED0599 /* LoginScreenViewController.h */,
				CEA0BE9A163CD2D700ED0599 /* LoginScreenViewController.m */,
				CEA0BE9F163CD99B00ED0599 /* FirstTableViewController.h */,
				CEA0BEA0163CD99B00ED0599 /* FirstTableViewController.m */,
				CEF56579163F17270066F2A2 /* FirstDetailViewController.h */,
				CEF5657A163F17270066F2A2 /* FirstDetailViewController.m */,
				CEF5657D163F1D600066F2A2 /* SecondTableViewController.h */,
				CEF5657E163F1D600066F2A2 /* SecondTableViewController.m */,
				CEF56583163F2DCD0066F2A2 /* SecondDetailViewController.h */,
				CEF56584163F2DCD0066F2A2 /* SecondDetailViewController.m */,
				CEDDE0F41641611800BEFE0A /* StartDetailViewController.h */,
				CEDDE0F51641611800BEFE0A /* StartDetailViewController.m */,
				CE8B7F7615ED35D1006CD57C /* MDDetailViewController.h */,
				CE8B7F7715ED35D1006CD57C /* MDDetailViewController.m */,
				CE348C181647668000B14B55 /* RegisterTableViewController.h */,
				CE348C191647668000B14B55 /* RegisterTableViewController.m */,
				CE071EC11659C58B007290B1 /* ProfilePopoverViewController.h */,
				CE071EC21659C58B007290B1 /* ProfilePopoverViewController.m */,
			);
			name = Controllers;
			sourceTree = "<group>";
		};
		CE0AE483164604F700EC15B4 /* KeychainWrapper */ = {
			isa = PBXGroup;
			children = (
				CE0AE4841646051A00EC15B4 /* KeychainItemWrapper.h */,
				CE0AE4851646051A00EC15B4 /* KeychainItemWrapper.m */,
			);
			name = KeychainWrapper;
			sourceTree = "<group>";
		};
		CE8B7F4515ED358B006CD57C = {
			isa = PBXGroup;
			children = (
				CE8B7F5A15ED358B006CD57C /* uni-project */,
				CE8B7F5315ED358B006CD57C /* Frameworks */,
				CE8B7F5115ED358B006CD57C /* Products */,
			);
			sourceTree = "<group>";
		};
		CE8B7F5115ED358B006CD57C /* Products */ = {
			isa = PBXGroup;
			children = (
				CE8B7F5015ED358B006CD57C /* EcoMeter.app */,
			);
			name = Products;
			sourceTree = "<group>";
		};
		CE8B7F5315ED358B006CD57C /* Frameworks */ = {
			isa = PBXGroup;
			children = (
				CEEAE27315F2749500A550FA /* QuartzCore.framework */,
				CE0AE4811646049C00EC15B4 /* Security.framework */,
				CE8B7F5415ED358B006CD57C /* UIKit.framework */,
				CE8B7F5615ED358B006CD57C /* Foundation.framework */,
				CE8B7F5815ED358B006CD57C /* CoreGraphics.framework */,
			);
			name = Frameworks;
			sourceTree = "<group>";
		};
		CE8B7F5A15ED358B006CD57C /* uni-project */ = {
			isa = PBXGroup;
			children = (
				CE0AE483164604F700EC15B4 /* KeychainWrapper */,
				CE0AE47C1645F54E00EC15B4 /* Controllers */,
				CE0AE47A1645F53C00EC15B4 /* Manager-Classes */,
				CEEAE27C15F2BE8F00A550FA /* Images */,
				CEEAE07615F271A500A550FA /* CorePlot */,
				CE8B7F7415ED35D1006CD57C /* MDAppDelegate.h */,
				CE8B7F7515ED35D1006CD57C /* MDAppDelegate.m */,
				CEE88E3815F42BD800382450 /* MainStoryboard.storyboard */,
				CEEAE27515F275CA00A550FA /* Starter Files */,
				CE8B7F5B15ED358B006CD57C /* Supporting Files */,
			);
			path = "uni-project";
			sourceTree = "<group>";
		};
		CE8B7F5B15ED358B006CD57C /* Supporting Files */ = {
			isa = PBXGroup;
			children = (
				CE8B7F8215ED3630006CD57C /* main.m */,
				CE8B7F5C15ED358B006CD57C /* uni-project-Info.plist */,
				CE8B7F5D15ED358B006CD57C /* InfoPlist.strings */,
				CE8B7F6215ED358B006CD57C /* uni-project-Prefix.pch */,
			);
			name = "Supporting Files";
			sourceTree = "<group>";
		};
		CEEAE07615F271A500A550FA /* CorePlot */ = {
			isa = PBXGroup;
			children = (
				CEEAE22115F273AB00A550FA /* CorePlotHeaders */,
				CEEAE27115F273AB00A550FA /* libCorePlot-CocoaTouch.a */,
			);
			name = CorePlot;
			sourceTree = "<group>";
		};
		CEEAE22115F273AB00A550FA /* CorePlotHeaders */ = {
			isa = PBXGroup;
			children = (
				CEEAE22215F273AB00A550FA /* _CPTConstraintsFixed.h */,
				CEEAE22315F273AB00A550FA /* _CPTConstraintsRelative.h */,
				CEEAE22415F273AB00A550FA /* _CPTDarkGradientTheme.h */,
				CEEAE22515F273AB00A550FA /* _CPTFillColor.h */,
				CEEAE22615F273AB00A550FA /* _CPTFillGradient.h */,
				CEEAE22715F273AB00A550FA /* _CPTFillImage.h */,
				CEEAE22815F273AB00A550FA /* _CPTPlainBlackTheme.h */,
				CEEAE22915F273AB00A550FA /* _CPTPlainWhiteTheme.h */,
				CEEAE22A15F273AB00A550FA /* _CPTSlateTheme.h */,
				CEEAE22B15F273AB00A550FA /* _CPTStocksTheme.h */,
				CEEAE22C15F273AB00A550FA /* _CPTXYTheme.h */,
				CEEAE22D15F273AB00A550FA /* CorePlot-CocoaTouch.h */,
				CEEAE22E15F273AB00A550FA /* CPTAnnotation.h */,
				CEEAE22F15F273AB00A550FA /* CPTAnnotationHostLayer.h */,
				CEEAE23015F273AB00A550FA /* CPTAxis.h */,
				CEEAE23115F273AB00A550FA /* CPTAxisLabel.h */,
				CEEAE23215F273AB00A550FA /* CPTAxisLabelGroup.h */,
				CEEAE23315F273AB00A550FA /* CPTAxisSet.h */,
				CEEAE23415F273AB00A550FA /* CPTAxisTitle.h */,
				CEEAE23515F273AB00A550FA /* CPTBarPlot.h */,
				CEEAE23615F273AB00A550FA /* CPTBorderedLayer.h */,
				CEEAE23715F273AB00A550FA /* CPTColor.h */,
				CEEAE23815F273AB00A550FA /* CPTColorSpace.h */,
				CEEAE23915F273AB00A550FA /* CPTConstraints.h */,
				CEEAE23A15F273AB00A550FA /* CPTDefinitions.h */,
				CEEAE23B15F273AB00A550FA /* CPTExceptions.h */,
				CEEAE23C15F273AB00A550FA /* CPTFill.h */,
				CEEAE23D15F273AB00A550FA /* CPTGradient.h */,
				CEEAE23E15F273AB00A550FA /* CPTGraph.h */,
				CEEAE23F15F273AB00A550FA /* CPTGraphHostingView.h */,
				CEEAE24015F273AB00A550FA /* CPTGridLineGroup.h */,
				CEEAE24115F273AB00A550FA /* CPTGridLines.h */,
				CEEAE24215F273AB00A550FA /* CPTImage.h */,
				CEEAE24315F273AB00A550FA /* CPTLayer.h */,
				CEEAE24415F273AB00A550FA /* CPTLayerAnnotation.h */,
				CEEAE24515F273AB00A550FA /* CPTLegend.h */,
				CEEAE24615F273AB00A550FA /* CPTLegendEntry.h */,
				CEEAE24715F273AB00A550FA /* CPTLimitBand.h */,
				CEEAE24815F273AB00A550FA /* CPTLineCap.h */,
				CEEAE24915F273AB00A550FA /* CPTLineStyle.h */,
				CEEAE24A15F273AB00A550FA /* CPTMutableLineStyle.h */,
				CEEAE24B15F273AB00A550FA /* CPTMutableNumericData+TypeConversion.h */,
				CEEAE24C15F273AB00A550FA /* CPTMutableNumericData.h */,
				CEEAE24D15F273AB00A550FA /* CPTMutablePlotRange.h */,
				CEEAE24E15F273AB00A550FA /* CPTMutableShadow.h */,
				CEEAE24F15F273AB00A550FA /* CPTMutableTextStyle.h */,
				CEEAE25015F273AB00A550FA /* CPTNumericData+TypeConversion.h */,
				CEEAE25115F273AB00A550FA /* CPTNumericData.h */,
				CEEAE25215F273AB00A550FA /* CPTNumericDataType.h */,
				CEEAE25315F273AB00A550FA /* CPTPathExtensions.h */,
				CEEAE25415F273AB00A550FA /* CPTPieChart.h */,
				CEEAE25515F273AB00A550FA /* CPTPlatformSpecificCategories.h */,
				CEEAE25615F273AB00A550FA /* CPTPlatformSpecificDefines.h */,
				CEEAE25715F273AB00A550FA /* CPTPlatformSpecificFunctions.h */,
				CEEAE25815F273AB00A550FA /* CPTPlot.h */,
				CEEAE25915F273AB00A550FA /* CPTPlotArea.h */,
				CEEAE25A15F273AB00A550FA /* CPTPlotAreaFrame.h */,
				CEEAE25B15F273AB00A550FA /* CPTPlotGroup.h */,
				CEEAE25C15F273AB00A550FA /* CPTPlotRange.h */,
				CEEAE25D15F273AB00A550FA /* CPTPlotSpace.h */,
				CEEAE25E15F273AB00A550FA /* CPTPlotSpaceAnnotation.h */,
				CEEAE25F15F273AB00A550FA /* CPTPlotSymbol.h */,
				CEEAE26015F273AB00A550FA /* CPTRangePlot.h */,
				CEEAE26115F273AB00A550FA /* CPTResponder.h */,
				CEEAE26215F273AB00A550FA /* CPTScatterPlot.h */,
				CEEAE26315F273AB00A550FA /* CPTShadow.h */,
				CEEAE26415F273AB00A550FA /* CPTTextLayer.h */,
				CEEAE26515F273AB00A550FA /* CPTTextStyle.h */,
				CEEAE26615F273AB00A550FA /* CPTTheme.h */,
				CEEAE26715F273AB00A550FA /* CPTTimeFormatter.h */,
				CEEAE26815F273AB00A550FA /* CPTTradingRangePlot.h */,
				CEEAE26915F273AB00A550FA /* CPTUtilities.h */,
				CEEAE26A15F273AB00A550FA /* CPTXYAxis.h */,
				CEEAE26B15F273AB00A550FA /* CPTXYAxisSet.h */,
				CEEAE26C15F273AB00A550FA /* CPTXYGraph.h */,
				CEEAE26D15F273AB00A550FA /* CPTXYPlotSpace.h */,
				CEEAE26E15F273AB00A550FA /* NSCoderExtensions.h */,
				CEEAE26F15F273AB00A550FA /* NSDecimalNumberExtensions.h */,
				CEEAE27015F273AB00A550FA /* NSNumberExtensions.h */,
			);
			path = CorePlotHeaders;
			sourceTree = "<group>";
		};
		CEEAE27515F275CA00A550FA /* Starter Files */ = {
			isa = PBXGroup;
			children = (
				CEEAE27615F275CA00A550FA /* CPDConstants.h */,
				CEEAE27715F275CA00A550FA /* CPDConstants.m */,
				CEEAE27815F275CA00A550FA /* CPDStockPriceStore.h */,
				CEEAE27915F275CA00A550FA /* CPDStockPriceStore.m */,
			);
			name = "Starter Files";
			path = "../Starter Files";
			sourceTree = "<group>";
		};
		CEEAE27C15F2BE8F00A550FA /* Images */ = {
			isa = PBXGroup;
			children = (
				CE3F51CC1659D4BD008EE7DF /* defaultAvatar.png */,
				CE071EBF1659ABF1007290B1 /* icon_user.png */,
				CEE88E2615F3C26300382450 /* tabbar_back_opt.jpg */,
				CEEAE27F15F2C06000A550FA /* icon_smile_face.png */,
				CEEAE27D15F2BEA100A550FA /* icon_piechart.png */,
			);
			name = Images;
			sourceTree = "<group>";
		};
/* End PBXGroup section */

/* Begin PBXNativeTarget section */
		CE8B7F4F15ED358B006CD57C /* EcoMeter */ = {
			isa = PBXNativeTarget;
			buildConfigurationList = CE8B7F7115ED358B006CD57C /* Build configuration list for PBXNativeTarget "EcoMeter" */;
			buildPhases = (
				CE8B7F4C15ED358B006CD57C /* Sources */,
				CE8B7F4D15ED358B006CD57C /* Frameworks */,
				CE8B7F4E15ED358B006CD57C /* Resources */,
			);
			buildRules = (
			);
			dependencies = (
			);
			name = EcoMeter;
			productName = "uni-project";
			productReference = CE8B7F5015ED358B006CD57C /* EcoMeter.app */;
			productType = "com.apple.product-type.application";
		};
/* End PBXNativeTarget section */

/* Begin PBXProject section */
		CE8B7F4715ED358B006CD57C /* Project object */ = {
			isa = PBXProject;
			attributes = {
				LastUpgradeCheck = 0440;
				ORGANIZATIONNAME = test;
			};
			buildConfigurationList = CE8B7F4A15ED358B006CD57C /* Build configuration list for PBXProject "uni-project" */;
			compatibilityVersion = "Xcode 3.2";
			developmentRegion = English;
			hasScannedForEncodings = 0;
			knownRegions = (
				en,
				da,
				de,
				fr,
				it,
				ja,
				ko,
				nb,
				pl,
				"pt-PT",
				ro,
				ru,
				sv,
			);
			mainGroup = CE8B7F4515ED358B006CD57C;
			productRefGroup = CE8B7F5115ED358B006CD57C /* Products */;
			projectDirPath = "";
			projectRoot = "";
			targets = (
				CE8B7F4F15ED358B006CD57C /* EcoMeter */,
			);
		};
/* End PBXProject section */

/* Begin PBXResourcesBuildPhase section */
		CE8B7F4E15ED358B006CD57C /* Resources */ = {
			isa = PBXResourcesBuildPhase;
			buildActionMask = 2147483647;
			files = (
				CE8B7F5F15ED358B006CD57C /* InfoPlist.strings in Resources */,
				CEEAE27E15F2BEA100A550FA /* icon_piechart.png in Resources */,
				CEEAE28015F2C06000A550FA /* icon_smile_face.png in Resources */,
				CEE88E2715F3C26300382450 /* tabbar_back_opt.jpg in Resources */,
				CEE88E3915F42BD800382450 /* MainStoryboard.storyboard in Resources */,
				CE071EC01659ABF1007290B1 /* icon_user.png in Resources */,
				CE3F51CD1659D4BD008EE7DF /* defaultAvatar.png in Resources */,
			);
			runOnlyForDeploymentPostprocessing = 0;
		};
/* End PBXResourcesBuildPhase section */

/* Begin PBXSourcesBuildPhase section */
		CE8B7F4C15ED358B006CD57C /* Sources */ = {
			isa = PBXSourcesBuildPhase;
			buildActionMask = 2147483647;
			files = (
				CE8B7F7C15ED35D1006CD57C /* MDAppDelegate.m in Sources */,
				CE8B7F7D15ED35D1006CD57C /* MDDetailViewController.m in Sources */,
				CE8B7F7E15ED35D1006CD57C /* MDMasterViewController.m in Sources */,
				CE8B7F7F15ED35D1006CD57C /* MDMultipleMasterDetailManager.m in Sources */,
				CE8B7F8315ED3630006CD57C /* main.m in Sources */,
				CEEAE27A15F275CA00A550FA /* CPDConstants.m in Sources */,
				CEEAE27B15F275CA00A550FA /* CPDStockPriceStore.m in Sources */,
				CEA0BE9C163CD2D700ED0599 /* LoginScreenViewController.m in Sources */,
				CEA0BEA1163CD99B00ED0599 /* FirstTableViewController.m in Sources */,
				CEFDC23C163E15480011C3CF /* DetailViewManager.m in Sources */,
				CEF5657B163F17270066F2A2 /* FirstDetailViewController.m in Sources */,
				CEF5657F163F1D600066F2A2 /* SecondTableViewController.m in Sources */,
				CEF56586163F2DCE0066F2A2 /* SecondDetailViewController.m in Sources */,
				CEDDE0F61641611800BEFE0A /* StartDetailViewController.m in Sources */,
				CE0AE4861646051A00EC15B4 /* KeychainItemWrapper.m in Sources */,
				CE348C1A1647668100B14B55 /* RegisterTableViewController.m in Sources */,
				CE071EC31659C58B007290B1 /* ProfilePopoverViewController.m in Sources */,
			);
			runOnlyForDeploymentPostprocessing = 0;
		};
/* End PBXSourcesBuildPhase section */

/* Begin PBXVariantGroup section */
		CE8B7F5D15ED358B006CD57C /* InfoPlist.strings */ = {
			isa = PBXVariantGroup;
			children = (
				CE8B7F5E15ED358B006CD57C /* en */,
			);
			name = InfoPlist.strings;
			sourceTree = "<group>";
		};
/* End PBXVariantGroup section */

/* Begin XCBuildConfiguration section */
		CE8B7F6F15ED358B006CD57C /* Debug */ = {
			isa = XCBuildConfiguration;
			buildSettings = {
				ALWAYS_SEARCH_USER_PATHS = NO;
				ARCHS = "$(ARCHS_STANDARD_32_BIT)";
				CLANG_CXX_LANGUAGE_STANDARD = "gnu++0x";
				CLANG_ENABLE_OBJC_ARC = YES;
				CLANG_WARN__DUPLICATE_METHOD_MATCH = YES;
				CODE_SIGN_IDENTITY = "iPhone Developer: Pavel Ermolin (38Z8P7525U)";
				"CODE_SIGN_IDENTITY[sdk=iphoneos*]" = "iPhone Developer: Pavel Ermolin (38Z8P7525U)";
				COPY_PHASE_STRIP = NO;
				GCC_C_LANGUAGE_STANDARD = gnu99;
				GCC_DYNAMIC_NO_PIC = NO;
				GCC_OPTIMIZATION_LEVEL = 0;
				GCC_PREPROCESSOR_DEFINITIONS = (
					"DEBUG=1",
					"$(inherited)",
				);
				GCC_SYMBOLS_PRIVATE_EXTERN = NO;
				GCC_VERSION = com.apple.compilers.llvm.clang.1_0;
				GCC_WARN_ABOUT_RETURN_TYPE = YES;
				GCC_WARN_UNINITIALIZED_AUTOS = YES;
				GCC_WARN_UNUSED_VARIABLE = YES;
				IPHONEOS_DEPLOYMENT_TARGET = 6.0;
				ONLY_ACTIVE_ARCH = YES;
				PROVISIONING_PROFILE = "D1D4511E-F8F5-421B-92EE-C15ED9701D1F";
				"PROVISIONING_PROFILE[sdk=iphoneos*]" = "D1D4511E-F8F5-421B-92EE-C15ED9701D1F";
				SDKROOT = iphoneos;
				TARGETED_DEVICE_FAMILY = 2;
			};
			name = Debug;
		};
		CE8B7F7015ED358B006CD57C /* Release */ = {
			isa = XCBuildConfiguration;
			buildSettings = {
				ALWAYS_SEARCH_USER_PATHS = NO;
				ARCHS = "$(ARCHS_STANDARD_32_BIT)";
				CLANG_CXX_LANGUAGE_STANDARD = "gnu++0x";
				CLANG_ENABLE_OBJC_ARC = YES;
				CLANG_WARN__DUPLICATE_METHOD_MATCH = YES;
				CODE_SIGN_IDENTITY = "iPhone Developer: Pavel Ermolin (38Z8P7525U)";
				"CODE_SIGN_IDENTITY[sdk=iphoneos*]" = "iPhone Developer: Pavel Ermolin (38Z8P7525U)";
				COPY_PHASE_STRIP = YES;
				GCC_C_LANGUAGE_STANDARD = gnu99;
				GCC_VERSION = com.apple.compilers.llvm.clang.1_0;
				GCC_WARN_ABOUT_RETURN_TYPE = YES;
				GCC_WARN_UNINITIALIZED_AUTOS = YES;
				GCC_WARN_UNUSED_VARIABLE = YES;
				IPHONEOS_DEPLOYMENT_TARGET = 6.0;
				ONLY_ACTIVE_ARCH = YES;
				OTHER_CFLAGS = "-DNS_BLOCK_ASSERTIONS=1";
				PROVISIONING_PROFILE = "D1D4511E-F8F5-421B-92EE-C15ED9701D1F";
				"PROVISIONING_PROFILE[sdk=iphoneos*]" = "D1D4511E-F8F5-421B-92EE-C15ED9701D1F";
				SDKROOT = iphoneos;
				TARGETED_DEVICE_FAMILY = 2;
				VALIDATE_PRODUCT = YES;
			};
			name = Release;
		};
		CE8B7F7215ED358B006CD57C /* Debug */ = {
			isa = XCBuildConfiguration;
			buildSettings = {
				GCC_PRECOMPILE_PREFIX_HEADER = YES;
				GCC_PREFIX_HEADER = "uni-project/uni-project-Prefix.pch";
				INFOPLIST_FILE = "uni-project/uni-project-Info.plist";
				IPHONEOS_DEPLOYMENT_TARGET = 6.0;
				LIBRARY_SEARCH_PATHS = (
					"$(inherited)",
					"\"$(SRCROOT)/uni-project/CorePlotHeaders\"",
					"\"$(SRCROOT)/uni-project\"",
				);
				"OTHER_LDFLAGS[arch=*]" = "-ObjC";
				PRODUCT_NAME = "$(TARGET_NAME)";
				TARGETED_DEVICE_FAMILY = 2;
				WRAPPER_EXTENSION = app;
			};
			name = Debug;
		};
		CE8B7F7315ED358B006CD57C /* Release */ = {
			isa = XCBuildConfiguration;
			buildSettings = {
				GCC_PRECOMPILE_PREFIX_HEADER = YES;
				GCC_PREFIX_HEADER = "uni-project/uni-project-Prefix.pch";
				INFOPLIST_FILE = "uni-project/uni-project-Info.plist";
				IPHONEOS_DEPLOYMENT_TARGET = 6.0;
				LIBRARY_SEARCH_PATHS = (
					"$(inherited)",
					"\"$(SRCROOT)/uni-project/CorePlotHeaders\"",
					"\"$(SRCROOT)/uni-project\"",
				);
				"OTHER_LDFLAGS[arch=*]" = "-ObjC";
				PRODUCT_NAME = "$(TARGET_NAME)";
				TARGETED_DEVICE_FAMILY = 2;
				WRAPPER_EXTENSION = app;
			};
			name = Release;
		};
/* End XCBuildConfiguration section */

/* Begin XCConfigurationList section */
		CE8B7F4A15ED358B006CD57C /* Build configuration list for PBXProject "uni-project" */ = {
			isa = XCConfigurationList;
			buildConfigurations = (
				CE8B7F6F15ED358B006CD57C /* Debug */,
				CE8B7F7015ED358B006CD57C /* Release */,
			);
			defaultConfigurationIsVisible = 0;
			defaultConfigurationName = Release;
		};
		CE8B7F7115ED358B006CD57C /* Build configuration list for PBXNativeTarget "EcoMeter" */ = {
			isa = XCConfigurationList;
			buildConfigurations = (
				CE8B7F7215ED358B006CD57C /* Debug */,
				CE8B7F7315ED358B006CD57C /* Release */,
			);
			defaultConfigurationIsVisible = 0;
			defaultConfigurationName = Release;
		};
/* End XCConfigurationList section */
	};
	rootObject = CE8B7F4715ED358B006CD57C /* Project object */;
}
